// !$*UTF8*$!
{
	archiveVersion = 1;
	classes = {
	};
	objectVersion = 48;
	objects = {

/* Begin PBXBuildFile section */
		0C9098E9859316ED97B8F26B /* Pods_ios.framework in Frameworks */ = {isa = PBXBuildFile; fileRef = 2C818E78A2285A67717DF621 /* Pods_ios.framework */; };
		2F043F7220444B7100B5E557 /* Restaurant.swift in Sources */ = {isa = PBXBuildFile; fileRef = 2F043F7120444B7100B5E557 /* Restaurant.swift */; };
		2F043F752044528F00B5E557 /* SearchStateSlice.swift in Sources */ = {isa = PBXBuildFile; fileRef = 2F043F742044528F00B5E557 /* SearchStateSlice.swift */; };
		2F043F782044534800B5E557 /* SearchReducer.swift in Sources */ = {isa = PBXBuildFile; fileRef = 2F043F772044534800B5E557 /* SearchReducer.swift */; };
		2F043F7A2044563000B5E557 /* initialSearchStateSlice.swift in Sources */ = {isa = PBXBuildFile; fileRef = 2F043F792044563000B5E557 /* initialSearchStateSlice.swift */; };
		2F043F7C204569E400B5E557 /* searchEffect.swift in Sources */ = {isa = PBXBuildFile; fileRef = 2F043F7B204569E400B5E557 /* searchEffect.swift */; };
		2F043F7E2045BD2000B5E557 /* OverriddenOptional.swift in Sources */ = {isa = PBXBuildFile; fileRef = 2F043F7D2045BD2000B5E557 /* OverriddenOptional.swift */; };
		2F043F802046C14500B5E557 /* SearchStateSlice+reduce.swift in Sources */ = {isa = PBXBuildFile; fileRef = 2F043F7F2046C14500B5E557 /* SearchStateSlice+reduce.swift */; };
		2F043F822046C18000B5E557 /* CoreStateSlice+reduce.swift in Sources */ = {isa = PBXBuildFile; fileRef = 2F043F812046C18000B5E557 /* CoreStateSlice+reduce.swift */; };
		2F043F842046C20200B5E557 /* CoreStateSlice+callSideEffects.swift in Sources */ = {isa = PBXBuildFile; fileRef = 2F043F832046C20200B5E557 /* CoreStateSlice+callSideEffects.swift */; };
		2F043F862046C21E00B5E557 /* CoreStateSlice+cloneWith.swift in Sources */ = {isa = PBXBuildFile; fileRef = 2F043F852046C21E00B5E557 /* CoreStateSlice+cloneWith.swift */; };
		2F043F882046C32E00B5E557 /* SearchStateSlice+cloneWith.swift in Sources */ = {isa = PBXBuildFile; fileRef = 2F043F872046C32E00B5E557 /* SearchStateSlice+cloneWith.swift */; };
		2F043F8A2046C60000B5E557 /* updatePostcodeReducer.swift in Sources */ = {isa = PBXBuildFile; fileRef = 2F043F892046C60000B5E557 /* updatePostcodeReducer.swift */; };
		2F043F8C2046C61900B5E557 /* updateRestaurantsReducer.swift in Sources */ = {isa = PBXBuildFile; fileRef = 2F043F8B2046C61900B5E557 /* updateRestaurantsReducer.swift */; };
		2F043F8F2046C74200B5E557 /* UpdatePostcodeAction.swift in Sources */ = {isa = PBXBuildFile; fileRef = 2F043F8E2046C74200B5E557 /* UpdatePostcodeAction.swift */; };
		2F043F912046C79700B5E557 /* UpdateRestaurantsAction.swift in Sources */ = {isa = PBXBuildFile; fileRef = 2F043F902046C79700B5E557 /* UpdateRestaurantsAction.swift */; };
		2F043F942046F63B00B5E557 /* Restaurant+Equatable.swift in Sources */ = {isa = PBXBuildFile; fileRef = 2F043F932046F63A00B5E557 /* Restaurant+Equatable.swift */; };
		2F043F982048022800B5E557 /* Store+selectRestaurants.swift in Sources */ = {isa = PBXBuildFile; fileRef = 2F043F972048022800B5E557 /* Store+selectRestaurants.swift */; };
		2F043F9A2048140100B5E557 /* presentRouteEffect.swift in Sources */ = {isa = PBXBuildFile; fileRef = 2F043F992048140100B5E557 /* presentRouteEffect.swift */; };
		2F043F9C2048144900B5E557 /* present.swift in Sources */ = {isa = PBXBuildFile; fileRef = 2F043F9B2048144900B5E557 /* present.swift */; };
		2F043F9F204852DD00B5E557 /* ResultCollectionViewCell.swift in Sources */ = {isa = PBXBuildFile; fileRef = 2F043F9D204852DD00B5E557 /* ResultCollectionViewCell.swift */; };
		2F043FA0204852DD00B5E557 /* ResultCollectionViewCell.xib in Resources */ = {isa = PBXBuildFile; fileRef = 2F043F9E204852DD00B5E557 /* ResultCollectionViewCell.xib */; };
		2F105E8E2003AFBC0093F2D8 /* Restaurants.storyboard in Resources */ = {isa = PBXBuildFile; fileRef = 2F105E8D2003AFBC0093F2D8 /* Restaurants.storyboard */; };
		2F105E912003B5800093F2D8 /* Area.storyboard in Resources */ = {isa = PBXBuildFile; fileRef = 2F105E902003B5800093F2D8 /* Area.storyboard */; };
		2F105E9320052B960093F2D8 /* OrdersViewController.swift in Sources */ = {isa = PBXBuildFile; fileRef = 2F105E9220052B960093F2D8 /* OrdersViewController.swift */; };
		2F1C95381FFFBFD200684F4B /* Orders.storyboard in Resources */ = {isa = PBXBuildFile; fileRef = 2F1C95371FFFBFD200684F4B /* Orders.storyboard */; };
		2F1C953B1FFFC34400684F4B /* Settings.storyboard in Resources */ = {isa = PBXBuildFile; fileRef = 2F1C953A1FFFC34400684F4B /* Settings.storyboard */; };
		2F25ADD5204E9F7900609819 /* UIView+rotateForever.swift in Sources */ = {isa = PBXBuildFile; fileRef = 2F25ADD4204E9F7900609819 /* UIView+rotateForever.swift */; };
		2F25ADD7204EE47700609819 /* String+toDate.swift in Sources */ = {isa = PBXBuildFile; fileRef = 2F25ADD6204EE47700609819 /* String+toDate.swift */; };
		2F25ADD9204EE4A400609819 /* String+toTimeString.swift in Sources */ = {isa = PBXBuildFile; fileRef = 2F25ADD8204EE4A400609819 /* String+toTimeString.swift */; };
		2F25ADDD204FAA9100609819 /* UIImageView+download.swift in Sources */ = {isa = PBXBuildFile; fileRef = 2F25ADDC204FAA9100609819 /* UIImageView+download.swift */; };
		2F25ADDF204FAFC000609819 /* LogoUiImageView.swift in Sources */ = {isa = PBXBuildFile; fileRef = 2F25ADDE204FAFC000609819 /* LogoUiImageView.swift */; };
		2F4B1D571FFE2E44003CDF47 /* AdaptationService.swift in Sources */ = {isa = PBXBuildFile; fileRef = 2F4B1D561FFE2E44003CDF47 /* AdaptationService.swift */; };
		2F4E070E200BF61700F928FF /* TabsTabBarController.swift in Sources */ = {isa = PBXBuildFile; fileRef = 2F4E070D200BF61700F928FF /* TabsTabBarController.swift */; };
		2F4E0710200BF98900F928FF /* SettingsViewController.swift in Sources */ = {isa = PBXBuildFile; fileRef = 2F4E070F200BF98900F928FF /* SettingsViewController.swift */; };
		2F4E0713200CE85700F928FF /* Presentable.swift in Sources */ = {isa = PBXBuildFile; fileRef = 2F4E0712200CE85700F928FF /* Presentable.swift */; };
		2F4E0719200E2BAF00F928FF /* activateMenuAdaptationReducer.swift in Sources */ = {isa = PBXBuildFile; fileRef = 2F4E0718200E2BAF00F928FF /* activateMenuAdaptationReducer.swift */; };
		2F54A3A51FDED11F006DA319 /* HindVadodara-Bold.ttf in Resources */ = {isa = PBXBuildFile; fileRef = 2F54A39A1FDED11F006DA319 /* HindVadodara-Bold.ttf */; };
		2F54A3A61FDED11F006DA319 /* HindVadodara-Light.ttf in Resources */ = {isa = PBXBuildFile; fileRef = 2F54A39B1FDED11F006DA319 /* HindVadodara-Light.ttf */; };
		2F54A3A71FDED11F006DA319 /* HindVadodara-Medium.ttf in Resources */ = {isa = PBXBuildFile; fileRef = 2F54A39C1FDED11F006DA319 /* HindVadodara-Medium.ttf */; };
		2F54A3A81FDED11F006DA319 /* HindVadodara-Regular.ttf in Resources */ = {isa = PBXBuildFile; fileRef = 2F54A39D1FDED11F006DA319 /* HindVadodara-Regular.ttf */; };
		2F54A3A91FDED11F006DA319 /* HindVadodara-SemiBold.ttf in Resources */ = {isa = PBXBuildFile; fileRef = 2F54A39E1FDED11F006DA319 /* HindVadodara-SemiBold.ttf */; };
		2F54A3AA1FDED11F006DA319 /* Ubuntu-Italic.ttf in Resources */ = {isa = PBXBuildFile; fileRef = 2F54A39F1FDED11F006DA319 /* Ubuntu-Italic.ttf */; };
		2F54A3AB1FDED11F006DA319 /* Ubuntu-Light.ttf in Resources */ = {isa = PBXBuildFile; fileRef = 2F54A3A01FDED11F006DA319 /* Ubuntu-Light.ttf */; };
		2F54A3AC1FDED11F006DA319 /* Ubuntu-LightItalic.ttf in Resources */ = {isa = PBXBuildFile; fileRef = 2F54A3A11FDED11F006DA319 /* Ubuntu-LightItalic.ttf */; };
		2F54A3AD1FDED11F006DA319 /* Ubuntu-Medium.ttf in Resources */ = {isa = PBXBuildFile; fileRef = 2F54A3A21FDED11F006DA319 /* Ubuntu-Medium.ttf */; };
		2F54A3AE1FDED11F006DA319 /* Ubuntu-MediumItalic.ttf in Resources */ = {isa = PBXBuildFile; fileRef = 2F54A3A31FDED11F006DA319 /* Ubuntu-MediumItalic.ttf */; };
		2F54A3AF1FDED11F006DA319 /* Ubuntu.ttf in Resources */ = {isa = PBXBuildFile; fileRef = 2F54A3A41FDED11F006DA319 /* Ubuntu.ttf */; };
		2F559A481FFBE8E20024F7B1 /* Tabs.storyboard in Resources */ = {isa = PBXBuildFile; fileRef = 2F559A471FFBE8E20024F7B1 /* Tabs.storyboard */; };
		2F55E89B1FD55C2A00BC52F0 /* AppDelegate.swift in Sources */ = {isa = PBXBuildFile; fileRef = 2F55E89A1FD55C2A00BC52F0 /* AppDelegate.swift */; };
		2F55E89D1FD55C2A00BC52F0 /* RootViewController.swift in Sources */ = {isa = PBXBuildFile; fileRef = 2F55E89C1FD55C2A00BC52F0 /* RootViewController.swift */; };
		2F55E8A01FD55C2A00BC52F0 /* RootView.storyboard in Resources */ = {isa = PBXBuildFile; fileRef = 2F55E89E1FD55C2A00BC52F0 /* RootView.storyboard */; };
		2F55E8A21FD55C2A00BC52F0 /* Assets.xcassets in Resources */ = {isa = PBXBuildFile; fileRef = 2F55E8A11FD55C2A00BC52F0 /* Assets.xcassets */; };
		2F55E8A51FD55C2A00BC52F0 /* LaunchScreen.storyboard in Resources */ = {isa = PBXBuildFile; fileRef = 2F55E8A31FD55C2A00BC52F0 /* LaunchScreen.storyboard */; };
		2F55E8B01FD55C2A00BC52F0 /* iosTests.swift in Sources */ = {isa = PBXBuildFile; fileRef = 2F55E8AF1FD55C2A00BC52F0 /* iosTests.swift */; };
		2F55E8F01FD58A7F00BC52F0 /* State.swift in Sources */ = {isa = PBXBuildFile; fileRef = 2F55E8EF1FD58A7F00BC52F0 /* State.swift */; };
		2F55E8F21FD5925F00BC52F0 /* Store.swift in Sources */ = {isa = PBXBuildFile; fileRef = 2F55E8F11FD5925F00BC52F0 /* Store.swift */; };
		2F55E9041FD5A0A000BC52F0 /* Home.storyboard in Resources */ = {isa = PBXBuildFile; fileRef = 2F55E9031FD5A0A000BC52F0 /* Home.storyboard */; };
		2F55E9061FD5A46E00BC52F0 /* Screen.swift in Sources */ = {isa = PBXBuildFile; fileRef = 2F55E9051FD5A46E00BC52F0 /* Screen.swift */; };
		2F64373120062F7F006D863F /* StoreDepending.swift in Sources */ = {isa = PBXBuildFile; fileRef = 2F64373020062F7F006D863F /* StoreDepending.swift */; };
		2F643733200652BE006D863F /* PathPattern.swift in Sources */ = {isa = PBXBuildFile; fileRef = 2F643732200652BE006D863F /* PathPattern.swift */; };
		2F6437372006577D006D863F /* ReducerFunc.swift in Sources */ = {isa = PBXBuildFile; fileRef = 2F6437362006577D006D863F /* ReducerFunc.swift */; };
		2F64373A2006693C006D863F /* InitStateAction.swift in Sources */ = {isa = PBXBuildFile; fileRef = 2F6437392006693C006D863F /* InitStateAction.swift */; };
		2F64373C20076CBB006D863F /* Action.swift in Sources */ = {isa = PBXBuildFile; fileRef = 2F64373B20076CBB006D863F /* Action.swift */; };
		2F64373E20078787006D863F /* CoreReducer.swift in Sources */ = {isa = PBXBuildFile; fileRef = 2F64373D20078787006D863F /* CoreReducer.swift */; };
		2F6437492007B913006D863F /* CoreStateSlice.swift in Sources */ = {isa = PBXBuildFile; fileRef = 2F6437482007B913006D863F /* CoreStateSlice.swift */; };
		2F64374B2007B981006D863F /* Reducible.swift in Sources */ = {isa = PBXBuildFile; fileRef = 2F64374A2007B981006D863F /* Reducible.swift */; };
		2F72B5B62024897E000F298B /* presentScreensEffect.swift in Sources */ = {isa = PBXBuildFile; fileRef = 2F72B5B52024897E000F298B /* presentScreensEffect.swift */; };
		2F72B5B820248BA1000F298B /* removePresentedScreensEffect.swift in Sources */ = {isa = PBXBuildFile; fileRef = 2F72B5B720248BA1000F298B /* removePresentedScreensEffect.swift */; };
		2F72B5BA20248CE1000F298B /* EffectFunc.swift in Sources */ = {isa = PBXBuildFile; fileRef = 2F72B5B920248CE1000F298B /* EffectFunc.swift */; };
		2F72B5BC2024CBB1000F298B /* Effect.swift in Sources */ = {isa = PBXBuildFile; fileRef = 2F72B5BB2024CBB1000F298B /* Effect.swift */; };
		2F9A05E720125A7700D1B4D6 /* Menu.storyboard in Resources */ = {isa = PBXBuildFile; fileRef = 2F9A05E620125A7700D1B4D6 /* Menu.storyboard */; };
		2F9A05E92015D8D100D1B4D6 /* MenuViewController.swift in Sources */ = {isa = PBXBuildFile; fileRef = 2F9A05E82015D8D100D1B4D6 /* MenuViewController.swift */; };
		2F9A05ED20160AF100D1B4D6 /* MenuHome.storyboard in Resources */ = {isa = PBXBuildFile; fileRef = 2F9A05EC20160AF100D1B4D6 /* MenuHome.storyboard */; };
		2F9A05EF20160BBF00D1B4D6 /* MenuHomeViewController.swift in Sources */ = {isa = PBXBuildFile; fileRef = 2F9A05EE20160BBF00D1B4D6 /* MenuHomeViewController.swift */; };
		2F9A05F1201612C700D1B4D6 /* MenuAssets.xcassets in Resources */ = {isa = PBXBuildFile; fileRef = 2F9A05F0201612C700D1B4D6 /* MenuAssets.xcassets */; };
		2F9A05F32016171500D1B4D6 /* PresentMenuAction.swift in Sources */ = {isa = PBXBuildFile; fileRef = 2F9A05F22016171500D1B4D6 /* PresentMenuAction.swift */; };
		2F9A05F720163FDE00D1B4D6 /* MenuOrders.storyboard in Resources */ = {isa = PBXBuildFile; fileRef = 2F9A05F620163FDE00D1B4D6 /* MenuOrders.storyboard */; };
		2F9A05F92016402400D1B4D6 /* MenuOrdersViewController.swift in Sources */ = {isa = PBXBuildFile; fileRef = 2F9A05F82016402400D1B4D6 /* MenuOrdersViewController.swift */; };
		2F9A05FB201645ED00D1B4D6 /* MenuSettings.storyboard in Resources */ = {isa = PBXBuildFile; fileRef = 2F9A05FA201645ED00D1B4D6 /* MenuSettings.storyboard */; };
		2F9A05FD2016463800D1B4D6 /* MenuSettingsViewController.swift in Sources */ = {isa = PBXBuildFile; fileRef = 2F9A05FC2016463800D1B4D6 /* MenuSettingsViewController.swift */; };
		2F9A060020164AC000D1B4D6 /* ResetViewController.swift in Sources */ = {isa = PBXBuildFile; fileRef = 2F9A05FF20164AC000D1B4D6 /* ResetViewController.swift */; };
		2F9A060220164AEA00D1B4D6 /* Reset.storyboard in Resources */ = {isa = PBXBuildFile; fileRef = 2F9A060120164AEA00D1B4D6 /* Reset.storyboard */; };
		2FA4A431203DB1100087F46D /* AdaptationServiceResponse.swift in Sources */ = {isa = PBXBuildFile; fileRef = 2FA4A430203DB1100087F46D /* AdaptationServiceResponse.swift */; };
		2FAE84AE20236968008F31EA /* InitialAction.swift in Sources */ = {isa = PBXBuildFile; fileRef = 2FAE84AD20236968008F31EA /* InitialAction.swift */; };
		2FAE84B0202369CA008F31EA /* ActivateAdaptationAction.swift in Sources */ = {isa = PBXBuildFile; fileRef = 2FAE84AF202369CA008F31EA /* ActivateAdaptationAction.swift */; };
		2FAE84B220236A1E008F31EA /* DismissLastScreenFamilyAction.swift in Sources */ = {isa = PBXBuildFile; fileRef = 2FAE84B120236A1E008F31EA /* DismissLastScreenFamilyAction.swift */; };
		2FAE84B420236A3A008F31EA /* UpdatePathAction.swift in Sources */ = {isa = PBXBuildFile; fileRef = 2FAE84B320236A3A008F31EA /* UpdatePathAction.swift */; };
		2FAE84B620236A57008F31EA /* UpdateIsAdaptedAction.swift in Sources */ = {isa = PBXBuildFile; fileRef = 2FAE84B520236A57008F31EA /* UpdateIsAdaptedAction.swift */; };
		2FAE84B820236ADB008F31EA /* PresentResetScreenAction.swift in Sources */ = {isa = PBXBuildFile; fileRef = 2FAE84B720236ADB008F31EA /* PresentResetScreenAction.swift */; };
		2FAE84BB20236E89008F31EA /* dismissLastScreenFamilyReducer.swift in Sources */ = {isa = PBXBuildFile; fileRef = 2FAE84BA20236E89008F31EA /* dismissLastScreenFamilyReducer.swift */; };
		2FAE84BD20236EA6008F31EA /* presentResetScreenReducer.swift in Sources */ = {isa = PBXBuildFile; fileRef = 2FAE84BC20236EA6008F31EA /* presentResetScreenReducer.swift */; };
		2FAE84BF20236ECA008F31EA /* updateIsAdaptedReducer.swift in Sources */ = {isa = PBXBuildFile; fileRef = 2FAE84BE20236ECA008F31EA /* updateIsAdaptedReducer.swift */; };
		2FAE84C120236EEA008F31EA /* updatePathReducer.swift in Sources */ = {isa = PBXBuildFile; fileRef = 2FAE84C020236EEA008F31EA /* updatePathReducer.swift */; };
		2FAE84C4202371BE008F31EA /* initialCoreStateSlice.swift in Sources */ = {isa = PBXBuildFile; fileRef = 2FAE84C3202371BE008F31EA /* initialCoreStateSlice.swift */; };
		2FAE84C620237443008F31EA /* Actionable.swift in Sources */ = {isa = PBXBuildFile; fileRef = 2FAE84C520237443008F31EA /* Actionable.swift */; };
		2FAE84C8202374A8008F31EA /* initialState.swift in Sources */ = {isa = PBXBuildFile; fileRef = 2FAE84C7202374A8008F31EA /* initialState.swift */; };
		2FAE84CB20237668008F31EA /* presentMenuReducer.swift in Sources */ = {isa = PBXBuildFile; fileRef = 2FAE84CA20237668008F31EA /* presentMenuReducer.swift */; };
		2FBC4B73202589C300C7F4D8 /* PresentationRoot.swift in Sources */ = {isa = PBXBuildFile; fileRef = 2FBC4B72202589C300C7F4D8 /* PresentationRoot.swift */; };
		2FBC4B7520258B4B00C7F4D8 /* InitialPresentationDelegate.swift in Sources */ = {isa = PBXBuildFile; fileRef = 2FBC4B7420258B4B00C7F4D8 /* InitialPresentationDelegate.swift */; };
		2FBC4B7720260C2E00C7F4D8 /* initialPresenter.swift in Sources */ = {isa = PBXBuildFile; fileRef = 2FBC4B7620260C2E00C7F4D8 /* initialPresenter.swift */; };
		2FD095851FDAC15D0023DF02 /* HomeViewController.swift in Sources */ = {isa = PBXBuildFile; fileRef = 2FD095841FDAC15D0023DF02 /* HomeViewController.swift */; };
		2FD738B620090D7C00F08F57 /* AreaViewController.swift in Sources */ = {isa = PBXBuildFile; fileRef = 2FD738B520090D7C00F08F57 /* AreaViewController.swift */; };
		2FD738B820090EE500F08F57 /* RestaurantsNavigationController.swift in Sources */ = {isa = PBXBuildFile; fileRef = 2FD738B720090EE500F08F57 /* RestaurantsNavigationController.swift */; };
		2FE8866420402B9D00E65ABE /* SearchService.swift in Sources */ = {isa = PBXBuildFile; fileRef = 2FE8866320402B9D00E65ABE /* SearchService.swift */; };
		2FEF7701203F1ACD00BFE3CE /* Requestable.swift in Sources */ = {isa = PBXBuildFile; fileRef = 2FEF7700203F1ACD00BFE3CE /* Requestable.swift */; };
		2FEF7703203F1AF600BFE3CE /* Getable.swift in Sources */ = {isa = PBXBuildFile; fileRef = 2FEF7702203F1AF600BFE3CE /* Getable.swift */; };
		2FEF7708204024D000BFE3CE /* SearchServiceResponse.swift in Sources */ = {isa = PBXBuildFile; fileRef = 2FEF7707204024D000BFE3CE /* SearchServiceResponse.swift */; };
		2FFBEA821FD83A37006D340C /* RaysView.swift in Sources */ = {isa = PBXBuildFile; fileRef = 2FFBEA811FD83A37006D340C /* RaysView.swift */; };
/* End PBXBuildFile section */

/* Begin PBXContainerItemProxy section */
		2F55E8AC1FD55C2A00BC52F0 /* PBXContainerItemProxy */ = {
			isa = PBXContainerItemProxy;
			containerPortal = 2F55E88F1FD55C2A00BC52F0 /* Project object */;
			proxyType = 1;
			remoteGlobalIDString = 2F55E8961FD55C2A00BC52F0;
			remoteInfo = ios;
		};
/* End PBXContainerItemProxy section */

/* Begin PBXFileReference section */
		2C818E78A2285A67717DF621 /* Pods_ios.framework */ = {isa = PBXFileReference; explicitFileType = wrapper.framework; includeInIndex = 0; path = Pods_ios.framework; sourceTree = BUILT_PRODUCTS_DIR; };
		2F043F7120444B7100B5E557 /* Restaurant.swift */ = {isa = PBXFileReference; lastKnownFileType = sourcecode.swift; path = Restaurant.swift; sourceTree = "<group>"; };
		2F043F742044528F00B5E557 /* SearchStateSlice.swift */ = {isa = PBXFileReference; lastKnownFileType = sourcecode.swift; path = SearchStateSlice.swift; sourceTree = "<group>"; };
		2F043F772044534800B5E557 /* SearchReducer.swift */ = {isa = PBXFileReference; lastKnownFileType = sourcecode.swift; path = SearchReducer.swift; sourceTree = "<group>"; };
		2F043F792044563000B5E557 /* initialSearchStateSlice.swift */ = {isa = PBXFileReference; lastKnownFileType = sourcecode.swift; path = initialSearchStateSlice.swift; sourceTree = "<group>"; };
		2F043F7B204569E400B5E557 /* searchEffect.swift */ = {isa = PBXFileReference; lastKnownFileType = sourcecode.swift; path = searchEffect.swift; sourceTree = "<group>"; };
		2F043F7D2045BD2000B5E557 /* OverriddenOptional.swift */ = {isa = PBXFileReference; lastKnownFileType = sourcecode.swift; path = OverriddenOptional.swift; sourceTree = "<group>"; };
		2F043F7F2046C14500B5E557 /* SearchStateSlice+reduce.swift */ = {isa = PBXFileReference; lastKnownFileType = sourcecode.swift; path = "SearchStateSlice+reduce.swift"; sourceTree = "<group>"; };
		2F043F812046C18000B5E557 /* CoreStateSlice+reduce.swift */ = {isa = PBXFileReference; lastKnownFileType = sourcecode.swift; path = "CoreStateSlice+reduce.swift"; sourceTree = "<group>"; };
		2F043F832046C20200B5E557 /* CoreStateSlice+callSideEffects.swift */ = {isa = PBXFileReference; lastKnownFileType = sourcecode.swift; path = "CoreStateSlice+callSideEffects.swift"; sourceTree = "<group>"; };
		2F043F852046C21E00B5E557 /* CoreStateSlice+cloneWith.swift */ = {isa = PBXFileReference; lastKnownFileType = sourcecode.swift; path = "CoreStateSlice+cloneWith.swift"; sourceTree = "<group>"; };
		2F043F872046C32E00B5E557 /* SearchStateSlice+cloneWith.swift */ = {isa = PBXFileReference; lastKnownFileType = sourcecode.swift; path = "SearchStateSlice+cloneWith.swift"; sourceTree = "<group>"; };
		2F043F892046C60000B5E557 /* updatePostcodeReducer.swift */ = {isa = PBXFileReference; lastKnownFileType = sourcecode.swift; path = updatePostcodeReducer.swift; sourceTree = "<group>"; };
		2F043F8B2046C61900B5E557 /* updateRestaurantsReducer.swift */ = {isa = PBXFileReference; lastKnownFileType = sourcecode.swift; path = updateRestaurantsReducer.swift; sourceTree = "<group>"; };
		2F043F8E2046C74200B5E557 /* UpdatePostcodeAction.swift */ = {isa = PBXFileReference; lastKnownFileType = sourcecode.swift; path = UpdatePostcodeAction.swift; sourceTree = "<group>"; };
		2F043F902046C79700B5E557 /* UpdateRestaurantsAction.swift */ = {isa = PBXFileReference; lastKnownFileType = sourcecode.swift; path = UpdateRestaurantsAction.swift; sourceTree = "<group>"; };
		2F043F932046F63A00B5E557 /* Restaurant+Equatable.swift */ = {isa = PBXFileReference; lastKnownFileType = sourcecode.swift; path = "Restaurant+Equatable.swift"; sourceTree = "<group>"; };
		2F043F972048022800B5E557 /* Store+selectRestaurants.swift */ = {isa = PBXFileReference; lastKnownFileType = sourcecode.swift; path = "Store+selectRestaurants.swift"; sourceTree = "<group>"; };
		2F043F992048140100B5E557 /* presentRouteEffect.swift */ = {isa = PBXFileReference; lastKnownFileType = sourcecode.swift; path = presentRouteEffect.swift; sourceTree = "<group>"; };
		2F043F9B2048144900B5E557 /* present.swift */ = {isa = PBXFileReference; lastKnownFileType = sourcecode.swift; path = present.swift; sourceTree = "<group>"; };
		2F043F9D204852DD00B5E557 /* ResultCollectionViewCell.swift */ = {isa = PBXFileReference; lastKnownFileType = sourcecode.swift; path = ResultCollectionViewCell.swift; sourceTree = "<group>"; };
		2F043F9E204852DD00B5E557 /* ResultCollectionViewCell.xib */ = {isa = PBXFileReference; lastKnownFileType = file.xib; path = ResultCollectionViewCell.xib; sourceTree = "<group>"; };
		2F105E8D2003AFBC0093F2D8 /* Restaurants.storyboard */ = {isa = PBXFileReference; lastKnownFileType = file.storyboard; path = Restaurants.storyboard; sourceTree = "<group>"; };
		2F105E902003B5800093F2D8 /* Area.storyboard */ = {isa = PBXFileReference; lastKnownFileType = file.storyboard; path = Area.storyboard; sourceTree = "<group>"; };
		2F105E9220052B960093F2D8 /* OrdersViewController.swift */ = {isa = PBXFileReference; lastKnownFileType = sourcecode.swift; path = OrdersViewController.swift; sourceTree = "<group>"; };
		2F1C95371FFFBFD200684F4B /* Orders.storyboard */ = {isa = PBXFileReference; lastKnownFileType = file.storyboard; path = Orders.storyboard; sourceTree = "<group>"; };
		2F1C953A1FFFC34400684F4B /* Settings.storyboard */ = {isa = PBXFileReference; lastKnownFileType = file.storyboard; path = Settings.storyboard; sourceTree = "<group>"; };
		2F25ADD4204E9F7900609819 /* UIView+rotateForever.swift */ = {isa = PBXFileReference; lastKnownFileType = sourcecode.swift; path = "UIView+rotateForever.swift"; sourceTree = "<group>"; };
		2F25ADD6204EE47700609819 /* String+toDate.swift */ = {isa = PBXFileReference; lastKnownFileType = sourcecode.swift; path = "String+toDate.swift"; sourceTree = "<group>"; };
		2F25ADD8204EE4A400609819 /* String+toTimeString.swift */ = {isa = PBXFileReference; lastKnownFileType = sourcecode.swift; path = "String+toTimeString.swift"; sourceTree = "<group>"; };
		2F25ADDC204FAA9100609819 /* UIImageView+download.swift */ = {isa = PBXFileReference; lastKnownFileType = sourcecode.swift; path = "UIImageView+download.swift"; sourceTree = "<group>"; };
		2F25ADDE204FAFC000609819 /* LogoUiImageView.swift */ = {isa = PBXFileReference; lastKnownFileType = sourcecode.swift; path = LogoUiImageView.swift; sourceTree = "<group>"; };
		2F4B1D561FFE2E44003CDF47 /* AdaptationService.swift */ = {isa = PBXFileReference; lastKnownFileType = sourcecode.swift; path = AdaptationService.swift; sourceTree = "<group>"; };
		2F4E070D200BF61700F928FF /* TabsTabBarController.swift */ = {isa = PBXFileReference; lastKnownFileType = sourcecode.swift; path = TabsTabBarController.swift; sourceTree = "<group>"; };
		2F4E070F200BF98900F928FF /* SettingsViewController.swift */ = {isa = PBXFileReference; lastKnownFileType = sourcecode.swift; path = SettingsViewController.swift; sourceTree = "<group>"; };
		2F4E0712200CE85700F928FF /* Presentable.swift */ = {isa = PBXFileReference; lastKnownFileType = sourcecode.swift; path = Presentable.swift; sourceTree = "<group>"; };
		2F4E0718200E2BAF00F928FF /* activateMenuAdaptationReducer.swift */ = {isa = PBXFileReference; lastKnownFileType = sourcecode.swift; path = activateMenuAdaptationReducer.swift; sourceTree = "<group>"; };
		2F54A39A1FDED11F006DA319 /* HindVadodara-Bold.ttf */ = {isa = PBXFileReference; lastKnownFileType = file; path = "HindVadodara-Bold.ttf"; sourceTree = "<group>"; };
		2F54A39B1FDED11F006DA319 /* HindVadodara-Light.ttf */ = {isa = PBXFileReference; lastKnownFileType = file; path = "HindVadodara-Light.ttf"; sourceTree = "<group>"; };
		2F54A39C1FDED11F006DA319 /* HindVadodara-Medium.ttf */ = {isa = PBXFileReference; lastKnownFileType = file; path = "HindVadodara-Medium.ttf"; sourceTree = "<group>"; };
		2F54A39D1FDED11F006DA319 /* HindVadodara-Regular.ttf */ = {isa = PBXFileReference; lastKnownFileType = file; path = "HindVadodara-Regular.ttf"; sourceTree = "<group>"; };
		2F54A39E1FDED11F006DA319 /* HindVadodara-SemiBold.ttf */ = {isa = PBXFileReference; lastKnownFileType = file; path = "HindVadodara-SemiBold.ttf"; sourceTree = "<group>"; };
		2F54A39F1FDED11F006DA319 /* Ubuntu-Italic.ttf */ = {isa = PBXFileReference; lastKnownFileType = file; path = "Ubuntu-Italic.ttf"; sourceTree = "<group>"; };
		2F54A3A01FDED11F006DA319 /* Ubuntu-Light.ttf */ = {isa = PBXFileReference; lastKnownFileType = file; path = "Ubuntu-Light.ttf"; sourceTree = "<group>"; };
		2F54A3A11FDED11F006DA319 /* Ubuntu-LightItalic.ttf */ = {isa = PBXFileReference; lastKnownFileType = file; path = "Ubuntu-LightItalic.ttf"; sourceTree = "<group>"; };
		2F54A3A21FDED11F006DA319 /* Ubuntu-Medium.ttf */ = {isa = PBXFileReference; lastKnownFileType = file; path = "Ubuntu-Medium.ttf"; sourceTree = "<group>"; };
		2F54A3A31FDED11F006DA319 /* Ubuntu-MediumItalic.ttf */ = {isa = PBXFileReference; lastKnownFileType = file; path = "Ubuntu-MediumItalic.ttf"; sourceTree = "<group>"; };
		2F54A3A41FDED11F006DA319 /* Ubuntu.ttf */ = {isa = PBXFileReference; lastKnownFileType = file; path = Ubuntu.ttf; sourceTree = "<group>"; };
		2F559A471FFBE8E20024F7B1 /* Tabs.storyboard */ = {isa = PBXFileReference; lastKnownFileType = file.storyboard; path = Tabs.storyboard; sourceTree = "<group>"; };
		2F55E8971FD55C2A00BC52F0 /* ios.app */ = {isa = PBXFileReference; explicitFileType = wrapper.application; includeInIndex = 0; path = ios.app; sourceTree = BUILT_PRODUCTS_DIR; };
		2F55E89A1FD55C2A00BC52F0 /* AppDelegate.swift */ = {isa = PBXFileReference; lastKnownFileType = sourcecode.swift; path = AppDelegate.swift; sourceTree = "<group>"; };
		2F55E89C1FD55C2A00BC52F0 /* RootViewController.swift */ = {isa = PBXFileReference; lastKnownFileType = sourcecode.swift; path = RootViewController.swift; sourceTree = "<group>"; };
		2F55E89F1FD55C2A00BC52F0 /* Base */ = {isa = PBXFileReference; lastKnownFileType = file.storyboard; name = Base; path = Base.lproj/RootView.storyboard; sourceTree = "<group>"; };
		2F55E8A11FD55C2A00BC52F0 /* Assets.xcassets */ = {isa = PBXFileReference; lastKnownFileType = folder.assetcatalog; path = Assets.xcassets; sourceTree = "<group>"; };
		2F55E8A41FD55C2A00BC52F0 /* Base */ = {isa = PBXFileReference; lastKnownFileType = file.storyboard; name = Base; path = Base.lproj/LaunchScreen.storyboard; sourceTree = "<group>"; };
		2F55E8A61FD55C2A00BC52F0 /* Info.plist */ = {isa = PBXFileReference; lastKnownFileType = text.plist.xml; path = Info.plist; sourceTree = "<group>"; };
		2F55E8AB1FD55C2A00BC52F0 /* iosTests.xctest */ = {isa = PBXFileReference; explicitFileType = wrapper.cfbundle; includeInIndex = 0; path = iosTests.xctest; sourceTree = BUILT_PRODUCTS_DIR; };
		2F55E8AF1FD55C2A00BC52F0 /* iosTests.swift */ = {isa = PBXFileReference; lastKnownFileType = sourcecode.swift; path = iosTests.swift; sourceTree = "<group>"; };
		2F55E8B11FD55C2A00BC52F0 /* Info.plist */ = {isa = PBXFileReference; lastKnownFileType = text.plist.xml; path = Info.plist; sourceTree = "<group>"; };
		2F55E8DC1FD57ACC00BC52F0 /* RxSwift.framework */ = {isa = PBXFileReference; lastKnownFileType = wrapper.framework; name = RxSwift.framework; path = Carthage/Build/iOS/RxSwift.framework; sourceTree = "<group>"; };
		2F55E8EF1FD58A7F00BC52F0 /* State.swift */ = {isa = PBXFileReference; lastKnownFileType = sourcecode.swift; path = State.swift; sourceTree = "<group>"; };
		2F55E8F11FD5925F00BC52F0 /* Store.swift */ = {isa = PBXFileReference; lastKnownFileType = sourcecode.swift; path = Store.swift; sourceTree = "<group>"; };
		2F55E9031FD5A0A000BC52F0 /* Home.storyboard */ = {isa = PBXFileReference; lastKnownFileType = file.storyboard; path = Home.storyboard; sourceTree = "<group>"; };
		2F55E9051FD5A46E00BC52F0 /* Screen.swift */ = {isa = PBXFileReference; lastKnownFileType = sourcecode.swift; path = Screen.swift; sourceTree = "<group>"; };
		2F64373020062F7F006D863F /* StoreDepending.swift */ = {isa = PBXFileReference; lastKnownFileType = sourcecode.swift; path = StoreDepending.swift; sourceTree = "<group>"; };
		2F643732200652BE006D863F /* PathPattern.swift */ = {isa = PBXFileReference; lastKnownFileType = sourcecode.swift; path = PathPattern.swift; sourceTree = "<group>"; };
		2F6437362006577D006D863F /* ReducerFunc.swift */ = {isa = PBXFileReference; lastKnownFileType = sourcecode.swift; path = ReducerFunc.swift; sourceTree = "<group>"; };
		2F6437392006693C006D863F /* InitStateAction.swift */ = {isa = PBXFileReference; lastKnownFileType = sourcecode.swift; path = InitStateAction.swift; sourceTree = "<group>"; };
		2F64373B20076CBB006D863F /* Action.swift */ = {isa = PBXFileReference; lastKnownFileType = sourcecode.swift; path = Action.swift; sourceTree = "<group>"; };
		2F64373D20078787006D863F /* CoreReducer.swift */ = {isa = PBXFileReference; lastKnownFileType = sourcecode.swift; path = CoreReducer.swift; sourceTree = "<group>"; };
		2F6437482007B913006D863F /* CoreStateSlice.swift */ = {isa = PBXFileReference; lastKnownFileType = sourcecode.swift; path = CoreStateSlice.swift; sourceTree = "<group>"; };
		2F64374A2007B981006D863F /* Reducible.swift */ = {isa = PBXFileReference; lastKnownFileType = sourcecode.swift; name = Reducible.swift; path = ios/Store/Reducible.swift; sourceTree = SOURCE_ROOT; };
		2F72B5B52024897E000F298B /* presentScreensEffect.swift */ = {isa = PBXFileReference; lastKnownFileType = sourcecode.swift; path = presentScreensEffect.swift; sourceTree = "<group>"; };
		2F72B5B720248BA1000F298B /* removePresentedScreensEffect.swift */ = {isa = PBXFileReference; lastKnownFileType = sourcecode.swift; path = removePresentedScreensEffect.swift; sourceTree = "<group>"; };
		2F72B5B920248CE1000F298B /* EffectFunc.swift */ = {isa = PBXFileReference; lastKnownFileType = sourcecode.swift; path = EffectFunc.swift; sourceTree = "<group>"; };
		2F72B5BB2024CBB1000F298B /* Effect.swift */ = {isa = PBXFileReference; lastKnownFileType = sourcecode.swift; path = Effect.swift; sourceTree = "<group>"; };
		2F9A05E620125A7700D1B4D6 /* Menu.storyboard */ = {isa = PBXFileReference; lastKnownFileType = file.storyboard; path = Menu.storyboard; sourceTree = "<group>"; };
		2F9A05E82015D8D100D1B4D6 /* MenuViewController.swift */ = {isa = PBXFileReference; lastKnownFileType = sourcecode.swift; path = MenuViewController.swift; sourceTree = "<group>"; };
		2F9A05EC20160AF100D1B4D6 /* MenuHome.storyboard */ = {isa = PBXFileReference; lastKnownFileType = file.storyboard; path = MenuHome.storyboard; sourceTree = "<group>"; };
		2F9A05EE20160BBF00D1B4D6 /* MenuHomeViewController.swift */ = {isa = PBXFileReference; lastKnownFileType = sourcecode.swift; path = MenuHomeViewController.swift; sourceTree = "<group>"; };
		2F9A05F0201612C700D1B4D6 /* MenuAssets.xcassets */ = {isa = PBXFileReference; lastKnownFileType = folder.assetcatalog; path = MenuAssets.xcassets; sourceTree = "<group>"; };
		2F9A05F22016171500D1B4D6 /* PresentMenuAction.swift */ = {isa = PBXFileReference; lastKnownFileType = sourcecode.swift; path = PresentMenuAction.swift; sourceTree = "<group>"; };
		2F9A05F620163FDE00D1B4D6 /* MenuOrders.storyboard */ = {isa = PBXFileReference; lastKnownFileType = file.storyboard; path = MenuOrders.storyboard; sourceTree = "<group>"; };
		2F9A05F82016402400D1B4D6 /* MenuOrdersViewController.swift */ = {isa = PBXFileReference; lastKnownFileType = sourcecode.swift; path = MenuOrdersViewController.swift; sourceTree = "<group>"; };
		2F9A05FA201645ED00D1B4D6 /* MenuSettings.storyboard */ = {isa = PBXFileReference; lastKnownFileType = file.storyboard; path = MenuSettings.storyboard; sourceTree = "<group>"; };
		2F9A05FC2016463800D1B4D6 /* MenuSettingsViewController.swift */ = {isa = PBXFileReference; lastKnownFileType = sourcecode.swift; path = MenuSettingsViewController.swift; sourceTree = "<group>"; };
		2F9A05FF20164AC000D1B4D6 /* ResetViewController.swift */ = {isa = PBXFileReference; lastKnownFileType = sourcecode.swift; path = ResetViewController.swift; sourceTree = "<group>"; };
		2F9A060120164AEA00D1B4D6 /* Reset.storyboard */ = {isa = PBXFileReference; lastKnownFileType = file.storyboard; path = Reset.storyboard; sourceTree = "<group>"; };
		2FA4A430203DB1100087F46D /* AdaptationServiceResponse.swift */ = {isa = PBXFileReference; lastKnownFileType = sourcecode.swift; path = AdaptationServiceResponse.swift; sourceTree = "<group>"; };
		2FAE84AD20236968008F31EA /* InitialAction.swift */ = {isa = PBXFileReference; lastKnownFileType = sourcecode.swift; path = InitialAction.swift; sourceTree = "<group>"; };
		2FAE84AF202369CA008F31EA /* ActivateAdaptationAction.swift */ = {isa = PBXFileReference; lastKnownFileType = sourcecode.swift; path = ActivateAdaptationAction.swift; sourceTree = "<group>"; };
		2FAE84B120236A1E008F31EA /* DismissLastScreenFamilyAction.swift */ = {isa = PBXFileReference; lastKnownFileType = sourcecode.swift; path = DismissLastScreenFamilyAction.swift; sourceTree = "<group>"; };
		2FAE84B320236A3A008F31EA /* UpdatePathAction.swift */ = {isa = PBXFileReference; lastKnownFileType = sourcecode.swift; path = UpdatePathAction.swift; sourceTree = "<group>"; };
		2FAE84B520236A57008F31EA /* UpdateIsAdaptedAction.swift */ = {isa = PBXFileReference; lastKnownFileType = sourcecode.swift; path = UpdateIsAdaptedAction.swift; sourceTree = "<group>"; };
		2FAE84B720236ADB008F31EA /* PresentResetScreenAction.swift */ = {isa = PBXFileReference; lastKnownFileType = sourcecode.swift; path = PresentResetScreenAction.swift; sourceTree = "<group>"; };
		2FAE84BA20236E89008F31EA /* dismissLastScreenFamilyReducer.swift */ = {isa = PBXFileReference; lastKnownFileType = sourcecode.swift; path = dismissLastScreenFamilyReducer.swift; sourceTree = "<group>"; };
		2FAE84BC20236EA6008F31EA /* presentResetScreenReducer.swift */ = {isa = PBXFileReference; lastKnownFileType = sourcecode.swift; path = presentResetScreenReducer.swift; sourceTree = "<group>"; };
		2FAE84BE20236ECA008F31EA /* updateIsAdaptedReducer.swift */ = {isa = PBXFileReference; lastKnownFileType = sourcecode.swift; path = updateIsAdaptedReducer.swift; sourceTree = "<group>"; };
		2FAE84C020236EEA008F31EA /* updatePathReducer.swift */ = {isa = PBXFileReference; lastKnownFileType = sourcecode.swift; path = updatePathReducer.swift; sourceTree = "<group>"; };
		2FAE84C3202371BE008F31EA /* initialCoreStateSlice.swift */ = {isa = PBXFileReference; lastKnownFileType = sourcecode.swift; path = initialCoreStateSlice.swift; sourceTree = "<group>"; };
		2FAE84C520237443008F31EA /* Actionable.swift */ = {isa = PBXFileReference; lastKnownFileType = sourcecode.swift; path = Actionable.swift; sourceTree = "<group>"; };
		2FAE84C7202374A8008F31EA /* initialState.swift */ = {isa = PBXFileReference; lastKnownFileType = sourcecode.swift; path = initialState.swift; sourceTree = "<group>"; };
		2FAE84CA20237668008F31EA /* presentMenuReducer.swift */ = {isa = PBXFileReference; lastKnownFileType = sourcecode.swift; path = presentMenuReducer.swift; sourceTree = "<group>"; };
		2FBC4B72202589C300C7F4D8 /* PresentationRoot.swift */ = {isa = PBXFileReference; lastKnownFileType = sourcecode.swift; path = PresentationRoot.swift; sourceTree = "<group>"; };
		2FBC4B7420258B4B00C7F4D8 /* InitialPresentationDelegate.swift */ = {isa = PBXFileReference; lastKnownFileType = sourcecode.swift; path = InitialPresentationDelegate.swift; sourceTree = "<group>"; };
		2FBC4B7620260C2E00C7F4D8 /* initialPresenter.swift */ = {isa = PBXFileReference; lastKnownFileType = sourcecode.swift; path = initialPresenter.swift; sourceTree = "<group>"; };
		2FD095841FDAC15D0023DF02 /* HomeViewController.swift */ = {isa = PBXFileReference; lastKnownFileType = sourcecode.swift; path = HomeViewController.swift; sourceTree = "<group>"; };
		2FD738B520090D7C00F08F57 /* AreaViewController.swift */ = {isa = PBXFileReference; lastKnownFileType = sourcecode.swift; path = AreaViewController.swift; sourceTree = "<group>"; };
		2FD738B720090EE500F08F57 /* RestaurantsNavigationController.swift */ = {isa = PBXFileReference; lastKnownFileType = sourcecode.swift; path = RestaurantsNavigationController.swift; sourceTree = "<group>"; };
		2FE8866320402B9D00E65ABE /* SearchService.swift */ = {isa = PBXFileReference; lastKnownFileType = sourcecode.swift; path = SearchService.swift; sourceTree = "<group>"; };
		2FEF7700203F1ACD00BFE3CE /* Requestable.swift */ = {isa = PBXFileReference; lastKnownFileType = sourcecode.swift; path = Requestable.swift; sourceTree = "<group>"; };
		2FEF7702203F1AF600BFE3CE /* Getable.swift */ = {isa = PBXFileReference; lastKnownFileType = sourcecode.swift; path = Getable.swift; sourceTree = "<group>"; };
		2FEF7707204024D000BFE3CE /* SearchServiceResponse.swift */ = {isa = PBXFileReference; lastKnownFileType = sourcecode.swift; path = SearchServiceResponse.swift; sourceTree = "<group>"; };
		2FFBEA811FD83A37006D340C /* RaysView.swift */ = {isa = PBXFileReference; lastKnownFileType = sourcecode.swift; path = RaysView.swift; sourceTree = "<group>"; };
		90CABB8CBD92D76DFC9F6611 /* Pods-ios.release.xcconfig */ = {isa = PBXFileReference; includeInIndex = 1; lastKnownFileType = text.xcconfig; name = "Pods-ios.release.xcconfig"; path = "Pods/Target Support Files/Pods-ios/Pods-ios.release.xcconfig"; sourceTree = "<group>"; };
		92CAA143045949EFB1DCEB2D /* Pods-ios.debug.xcconfig */ = {isa = PBXFileReference; includeInIndex = 1; lastKnownFileType = text.xcconfig; name = "Pods-ios.debug.xcconfig"; path = "Pods/Target Support Files/Pods-ios/Pods-ios.debug.xcconfig"; sourceTree = "<group>"; };
/* End PBXFileReference section */

/* Begin PBXFrameworksBuildPhase section */
		2F55E8941FD55C2A00BC52F0 /* Frameworks */ = {
			isa = PBXFrameworksBuildPhase;
			buildActionMask = 2147483647;
			files = (
				0C9098E9859316ED97B8F26B /* Pods_ios.framework in Frameworks */,
			);
			runOnlyForDeploymentPostprocessing = 0;
		};
		2F55E8A81FD55C2A00BC52F0 /* Frameworks */ = {
			isa = PBXFrameworksBuildPhase;
			buildActionMask = 2147483647;
			files = (
			);
			runOnlyForDeploymentPostprocessing = 0;
		};
/* End PBXFrameworksBuildPhase section */

/* Begin PBXGroup section */
		2F043F732044528100B5E557 /* State */ = {
			isa = PBXGroup;
			children = (
				2F043F742044528F00B5E557 /* SearchStateSlice.swift */,
				2F043F972048022800B5E557 /* Store+selectRestaurants.swift */,
				2F043F7F2046C14500B5E557 /* SearchStateSlice+reduce.swift */,
				2F043F872046C32E00B5E557 /* SearchStateSlice+cloneWith.swift */,
				2F043F792044563000B5E557 /* initialSearchStateSlice.swift */,
			);
			path = State;
			sourceTree = "<group>";
		};
		2F043F762044533300B5E557 /* Reducers */ = {
			isa = PBXGroup;
			children = (
				2F043F772044534800B5E557 /* SearchReducer.swift */,
				2F043F892046C60000B5E557 /* updatePostcodeReducer.swift */,
				2F043F8B2046C61900B5E557 /* updateRestaurantsReducer.swift */,
			);
			path = Reducers;
			sourceTree = "<group>";
		};
		2F043F8D2046C64500B5E557 /* Actions */ = {
			isa = PBXGroup;
			children = (
				2F043F8E2046C74200B5E557 /* UpdatePostcodeAction.swift */,
				2F043F902046C79700B5E557 /* UpdateRestaurantsAction.swift */,
			);
			path = Actions;
			sourceTree = "<group>";
		};
		2F043F922046C83400B5E557 /* Effects */ = {
			isa = PBXGroup;
			children = (
				2F043F7B204569E400B5E557 /* searchEffect.swift */,
			);
			path = Effects;
			sourceTree = "<group>";
		};
		2F105E8C2003AFA50093F2D8 /* Restaurants */ = {
			isa = PBXGroup;
			children = (
				2F105E8D2003AFBC0093F2D8 /* Restaurants.storyboard */,
				2FD738B720090EE500F08F57 /* RestaurantsNavigationController.swift */,
			);
			path = Restaurants;
			sourceTree = "<group>";
		};
		2F105E8F2003B5710093F2D8 /* Area */ = {
			isa = PBXGroup;
			children = (
				2F105E902003B5800093F2D8 /* Area.storyboard */,
				2FD738B520090D7C00F08F57 /* AreaViewController.swift */,
				2F043F9D204852DD00B5E557 /* ResultCollectionViewCell.swift */,
				2F043F9E204852DD00B5E557 /* ResultCollectionViewCell.xib */,
				2F25ADDE204FAFC000609819 /* LogoUiImageView.swift */,
			);
			path = Area;
			sourceTree = "<group>";
		};
		2F1C95361FFFBF9A00684F4B /* Orders */ = {
			isa = PBXGroup;
			children = (
				2F1C95371FFFBFD200684F4B /* Orders.storyboard */,
				2F105E9220052B960093F2D8 /* OrdersViewController.swift */,
			);
			path = Orders;
			sourceTree = "<group>";
		};
		2F1C95391FFFC32800684F4B /* Settings */ = {
			isa = PBXGroup;
			children = (
				2F1C953A1FFFC34400684F4B /* Settings.storyboard */,
				2F4E070F200BF98900F928FF /* SettingsViewController.swift */,
			);
			path = Settings;
			sourceTree = "<group>";
		};
		2F4E0711200BFFCA00F928FF /* Screens */ = {
			isa = PBXGroup;
			children = (
				2F9A05FE20164AAC00D1B4D6 /* Reset */,
				2F105E8C2003AFA50093F2D8 /* Restaurants */,
				2F1C95391FFFC32800684F4B /* Settings */,
				2F1C95361FFFBF9A00684F4B /* Orders */,
				2F559A461FFBE89F0024F7B1 /* Tabs */,
				2F55E9021FD5A03B00BC52F0 /* Home */,
			);
			path = Screens;
			sourceTree = "<group>";
		};
		2F4E0714200E29BD00F928FF /* Adaptations */ = {
			isa = PBXGroup;
			children = (
				2F4E0715200E29EF00F928FF /* Menu */,
			);
			path = Adaptations;
			sourceTree = "<group>";
		};
		2F4E0715200E29EF00F928FF /* Menu */ = {
			isa = PBXGroup;
			children = (
				2FAE84CD20237795008F31EA /* Screens */,
				2FAE84CC20237747008F31EA /* Actions */,
				2FAE84C920237631008F31EA /* Reducers */,
				2F9A05F0201612C700D1B4D6 /* MenuAssets.xcassets */,
			);
			path = Menu;
			sourceTree = "<group>";
		};
		2F54A3991FDED11F006DA319 /* Fonts */ = {
			isa = PBXGroup;
			children = (
				2F54A39A1FDED11F006DA319 /* HindVadodara-Bold.ttf */,
				2F54A39B1FDED11F006DA319 /* HindVadodara-Light.ttf */,
				2F54A39C1FDED11F006DA319 /* HindVadodara-Medium.ttf */,
				2F54A39D1FDED11F006DA319 /* HindVadodara-Regular.ttf */,
				2F54A39E1FDED11F006DA319 /* HindVadodara-SemiBold.ttf */,
				2F54A39F1FDED11F006DA319 /* Ubuntu-Italic.ttf */,
				2F54A3A01FDED11F006DA319 /* Ubuntu-Light.ttf */,
				2F54A3A11FDED11F006DA319 /* Ubuntu-LightItalic.ttf */,
				2F54A3A21FDED11F006DA319 /* Ubuntu-Medium.ttf */,
				2F54A3A31FDED11F006DA319 /* Ubuntu-MediumItalic.ttf */,
				2F54A3A41FDED11F006DA319 /* Ubuntu.ttf */,
			);
			path = Fonts;
			sourceTree = "<group>";
		};
		2F559A461FFBE89F0024F7B1 /* Tabs */ = {
			isa = PBXGroup;
			children = (
				2F559A471FFBE8E20024F7B1 /* Tabs.storyboard */,
				2F4E070D200BF61700F928FF /* TabsTabBarController.swift */,
			);
			path = Tabs;
			sourceTree = "<group>";
		};
		2F55E88E1FD55C2A00BC52F0 = {
			isa = PBXGroup;
			children = (
				2F55E8991FD55C2A00BC52F0 /* ios */,
				2F55E8AE1FD55C2A00BC52F0 /* iosTests */,
				2F55E8981FD55C2A00BC52F0 /* Products */,
				2F55E8DB1FD57ACC00BC52F0 /* Frameworks */,
				3E2933641101283F0CA746EE /* Pods */,
			);
			sourceTree = "<group>";
		};
		2F55E8981FD55C2A00BC52F0 /* Products */ = {
			isa = PBXGroup;
			children = (
				2F55E8971FD55C2A00BC52F0 /* ios.app */,
				2F55E8AB1FD55C2A00BC52F0 /* iosTests.xctest */,
			);
			name = Products;
			sourceTree = "<group>";
		};
		2F55E8991FD55C2A00BC52F0 /* ios */ = {
			isa = PBXGroup;
			children = (
				2FEF77042040139D00BFE3CE /* Slices */,
				2F4E0714200E29BD00F928FF /* Adaptations */,
				2F643735200655ED006D863F /* Store */,
				2F6437342006555E006D863F /* Presentation */,
				2FEF76FF203F1A3200BFE3CE /* Request */,
				2F55E89A1FD55C2A00BC52F0 /* AppDelegate.swift */,
				2F55E8A61FD55C2A00BC52F0 /* Info.plist */,
				2F55E8A11FD55C2A00BC52F0 /* Assets.xcassets */,
				2F54A3991FDED11F006DA319 /* Fonts */,
			);
			path = ios;
			sourceTree = "<group>";
		};
		2F55E8AE1FD55C2A00BC52F0 /* iosTests */ = {
			isa = PBXGroup;
			children = (
				2F55E8AF1FD55C2A00BC52F0 /* iosTests.swift */,
				2F55E8B11FD55C2A00BC52F0 /* Info.plist */,
			);
			path = iosTests;
			sourceTree = "<group>";
		};
		2F55E8DB1FD57ACC00BC52F0 /* Frameworks */ = {
			isa = PBXGroup;
			children = (
				2F55E8DC1FD57ACC00BC52F0 /* RxSwift.framework */,
				2C818E78A2285A67717DF621 /* Pods_ios.framework */,
			);
			name = Frameworks;
			sourceTree = "<group>";
		};
		2F55E9011FD5A01C00BC52F0 /* Core */ = {
			isa = PBXGroup;
			children = (
				2F4E0711200BFFCA00F928FF /* Screens */,
				2FAE84C22023714C008F31EA /* State */,
				2FAE84B920236C28008F31EA /* Reducers */,
				2FAE84AC202368DE008F31EA /* Actions */,
				2F72B5B4202488BD000F298B /* Effects */,
			);
			path = Core;
			sourceTree = "<group>";
		};
		2F55E9021FD5A03B00BC52F0 /* Home */ = {
			isa = PBXGroup;
			children = (
				2F55E9031FD5A0A000BC52F0 /* Home.storyboard */,
				2FD095841FDAC15D0023DF02 /* HomeViewController.swift */,
				2FFBEA811FD83A37006D340C /* RaysView.swift */,
			);
			path = Home;
			sourceTree = "<group>";
		};
		2F6437342006555E006D863F /* Presentation */ = {
			isa = PBXGroup;
			children = (
				2F55E9051FD5A46E00BC52F0 /* Screen.swift */,
				2F4E0712200CE85700F928FF /* Presentable.swift */,
				2F643732200652BE006D863F /* PathPattern.swift */,
				2F55E89C1FD55C2A00BC52F0 /* RootViewController.swift */,
				2FBC4B72202589C300C7F4D8 /* PresentationRoot.swift */,
				2FBC4B7420258B4B00C7F4D8 /* InitialPresentationDelegate.swift */,
				2FBC4B7620260C2E00C7F4D8 /* initialPresenter.swift */,
				2F55E89E1FD55C2A00BC52F0 /* RootView.storyboard */,
				2F55E8A31FD55C2A00BC52F0 /* LaunchScreen.storyboard */,
				2F043F9B2048144900B5E557 /* present.swift */,
				2F25ADD4204E9F7900609819 /* UIView+rotateForever.swift */,
				2F25ADD6204EE47700609819 /* String+toDate.swift */,
				2F25ADD8204EE4A400609819 /* String+toTimeString.swift */,
				2F25ADDC204FAA9100609819 /* UIImageView+download.swift */,
			);
			path = Presentation;
			sourceTree = "<group>";
		};
		2F643735200655ED006D863F /* Store */ = {
			isa = PBXGroup;
			children = (
				2F55E8EF1FD58A7F00BC52F0 /* State.swift */,
				2FAE84C7202374A8008F31EA /* initialState.swift */,
				2F64373B20076CBB006D863F /* Action.swift */,
				2FAE84C520237443008F31EA /* Actionable.swift */,
				2F55E8F11FD5925F00BC52F0 /* Store.swift */,
				2F6437362006577D006D863F /* ReducerFunc.swift */,
				2F72B5B920248CE1000F298B /* EffectFunc.swift */,
				2F64374A2007B981006D863F /* Reducible.swift */,
				2F4B1D561FFE2E44003CDF47 /* AdaptationService.swift */,
				2FA4A430203DB1100087F46D /* AdaptationServiceResponse.swift */,
				2F64373020062F7F006D863F /* StoreDepending.swift */,
				2F043F7D2045BD2000B5E557 /* OverriddenOptional.swift */,
			);
			path = Store;
			sourceTree = "<group>";
		};
		2F72B5B4202488BD000F298B /* Effects */ = {
			isa = PBXGroup;
			children = (
				2F72B5BB2024CBB1000F298B /* Effect.swift */,
				2F72B5B52024897E000F298B /* presentScreensEffect.swift */,
				2F043F992048140100B5E557 /* presentRouteEffect.swift */,
				2F72B5B720248BA1000F298B /* removePresentedScreensEffect.swift */,
			);
			path = Effects;
			sourceTree = "<group>";
		};
		2F9A05FE20164AAC00D1B4D6 /* Reset */ = {
			isa = PBXGroup;
			children = (
				2F9A05FF20164AC000D1B4D6 /* ResetViewController.swift */,
				2F9A060120164AEA00D1B4D6 /* Reset.storyboard */,
			);
			path = Reset;
			sourceTree = "<group>";
		};
		2FAE84AC202368DE008F31EA /* Actions */ = {
			isa = PBXGroup;
			children = (
				2F6437392006693C006D863F /* InitStateAction.swift */,
				2FAE84AF202369CA008F31EA /* ActivateAdaptationAction.swift */,
				2FAE84B120236A1E008F31EA /* DismissLastScreenFamilyAction.swift */,
				2FAE84B320236A3A008F31EA /* UpdatePathAction.swift */,
				2FAE84B520236A57008F31EA /* UpdateIsAdaptedAction.swift */,
				2FAE84AD20236968008F31EA /* InitialAction.swift */,
				2FAE84B720236ADB008F31EA /* PresentResetScreenAction.swift */,
			);
			path = Actions;
			sourceTree = "<group>";
		};
		2FAE84B920236C28008F31EA /* Reducers */ = {
			isa = PBXGroup;
			children = (
				2F64373D20078787006D863F /* CoreReducer.swift */,
				2FAE84BA20236E89008F31EA /* dismissLastScreenFamilyReducer.swift */,
				2FAE84BC20236EA6008F31EA /* presentResetScreenReducer.swift */,
				2FAE84BE20236ECA008F31EA /* updateIsAdaptedReducer.swift */,
				2FAE84C020236EEA008F31EA /* updatePathReducer.swift */,
			);
			path = Reducers;
			sourceTree = "<group>";
		};
		2FAE84C22023714C008F31EA /* State */ = {
			isa = PBXGroup;
			children = (
				2F6437482007B913006D863F /* CoreStateSlice.swift */,
				2F043F832046C20200B5E557 /* CoreStateSlice+callSideEffects.swift */,
				2F043F852046C21E00B5E557 /* CoreStateSlice+cloneWith.swift */,
				2F043F812046C18000B5E557 /* CoreStateSlice+reduce.swift */,
				2FAE84C3202371BE008F31EA /* initialCoreStateSlice.swift */,
			);
			path = State;
			sourceTree = "<group>";
		};
		2FAE84C920237631008F31EA /* Reducers */ = {
			isa = PBXGroup;
			children = (
				2F4E0718200E2BAF00F928FF /* activateMenuAdaptationReducer.swift */,
				2FAE84CA20237668008F31EA /* presentMenuReducer.swift */,
			);
			path = Reducers;
			sourceTree = "<group>";
		};
		2FAE84CC20237747008F31EA /* Actions */ = {
			isa = PBXGroup;
			children = (
				2F9A05F22016171500D1B4D6 /* PresentMenuAction.swift */,
			);
			path = Actions;
			sourceTree = "<group>";
		};
		2FAE84CD20237795008F31EA /* Screens */ = {
			isa = PBXGroup;
			children = (
				2FAE84D020237813008F31EA /* MenuHome */,
				2FAE84D120237813008F31EA /* MenuOrders */,
				2FAE84CF20237813008F31EA /* MenuSettings */,
				2FAE84CE202377A8008F31EA /* Menu */,
			);
			path = Screens;
			sourceTree = "<group>";
		};
		2FAE84CE202377A8008F31EA /* Menu */ = {
			isa = PBXGroup;
			children = (
				2F9A05E620125A7700D1B4D6 /* Menu.storyboard */,
				2F9A05E82015D8D100D1B4D6 /* MenuViewController.swift */,
			);
			path = Menu;
			sourceTree = "<group>";
		};
		2FAE84CF20237813008F31EA /* MenuSettings */ = {
			isa = PBXGroup;
			children = (
				2F9A05FA201645ED00D1B4D6 /* MenuSettings.storyboard */,
				2F9A05FC2016463800D1B4D6 /* MenuSettingsViewController.swift */,
			);
			path = MenuSettings;
			sourceTree = "<group>";
		};
		2FAE84D020237813008F31EA /* MenuHome */ = {
			isa = PBXGroup;
			children = (
				2F9A05EC20160AF100D1B4D6 /* MenuHome.storyboard */,
				2F9A05EE20160BBF00D1B4D6 /* MenuHomeViewController.swift */,
			);
			path = MenuHome;
			sourceTree = "<group>";
		};
		2FAE84D120237813008F31EA /* MenuOrders */ = {
			isa = PBXGroup;
			children = (
				2F9A05F620163FDE00D1B4D6 /* MenuOrders.storyboard */,
				2F9A05F82016402400D1B4D6 /* MenuOrdersViewController.swift */,
			);
			path = MenuOrders;
			sourceTree = "<group>";
		};
		2FEF76FF203F1A3200BFE3CE /* Request */ = {
			isa = PBXGroup;
			children = (
				2FEF7700203F1ACD00BFE3CE /* Requestable.swift */,
				2FEF7702203F1AF600BFE3CE /* Getable.swift */,
			);
			path = Request;
			sourceTree = "<group>";
		};
		2FEF77042040139D00BFE3CE /* Slices */ = {
			isa = PBXGroup;
			children = (
				2F55E9011FD5A01C00BC52F0 /* Core */,
				2FEF7705204013F500BFE3CE /* Search */,
			);
			path = Slices;
			sourceTree = "<group>";
		};
		2FEF7705204013F500BFE3CE /* Search */ = {
			isa = PBXGroup;
			children = (
				2F043F922046C83400B5E557 /* Effects */,
				2F043F8D2046C64500B5E557 /* Actions */,
				2F043F762044533300B5E557 /* Reducers */,
				2F043F732044528100B5E557 /* State */,
				2FEF77062040140D00BFE3CE /* Screens */,
				2FEF7707204024D000BFE3CE /* SearchServiceResponse.swift */,
				2F043F7120444B7100B5E557 /* Restaurant.swift */,
				2F043F932046F63A00B5E557 /* Restaurant+Equatable.swift */,
				2FE8866320402B9D00E65ABE /* SearchService.swift */,
			);
			path = Search;
			sourceTree = "<group>";
		};
		2FEF77062040140D00BFE3CE /* Screens */ = {
			isa = PBXGroup;
			children = (
				2F105E8F2003B5710093F2D8 /* Area */,
			);
			path = Screens;
			sourceTree = "<group>";
		};
		3E2933641101283F0CA746EE /* Pods */ = {
			isa = PBXGroup;
			children = (
				92CAA143045949EFB1DCEB2D /* Pods-ios.debug.xcconfig */,
				90CABB8CBD92D76DFC9F6611 /* Pods-ios.release.xcconfig */,
			);
			name = Pods;
			sourceTree = "<group>";
		};
/* End PBXGroup section */

/* Begin PBXNativeTarget section */
		2F55E8961FD55C2A00BC52F0 /* ios */ = {
			isa = PBXNativeTarget;
			buildConfigurationList = 2F55E8B41FD55C2A00BC52F0 /* Build configuration list for PBXNativeTarget "ios" */;
			buildPhases = (
				4DEDDACE5DADD0FABA641453 /* [CP] Check Pods Manifest.lock */,
				2F55E8931FD55C2A00BC52F0 /* Sources */,
				2F55E8941FD55C2A00BC52F0 /* Frameworks */,
				2F55E8951FD55C2A00BC52F0 /* Resources */,
				5805CD80FC420E07F1852C01 /* [CP] Embed Pods Frameworks */,
				6798860992A3849358892F8C /* [CP] Copy Pods Resources */,
			);
			buildRules = (
			);
			dependencies = (
			);
			name = ios;
			productName = ios;
			productReference = 2F55E8971FD55C2A00BC52F0 /* ios.app */;
			productType = "com.apple.product-type.application";
		};
		2F55E8AA1FD55C2A00BC52F0 /* iosTests */ = {
			isa = PBXNativeTarget;
			buildConfigurationList = 2F55E8B71FD55C2A00BC52F0 /* Build configuration list for PBXNativeTarget "iosTests" */;
			buildPhases = (
				2F55E8A71FD55C2A00BC52F0 /* Sources */,
				2F55E8A81FD55C2A00BC52F0 /* Frameworks */,
				2F55E8A91FD55C2A00BC52F0 /* Resources */,
			);
			buildRules = (
			);
			dependencies = (
				2F55E8AD1FD55C2A00BC52F0 /* PBXTargetDependency */,
			);
			name = iosTests;
			productName = iosTests;
			productReference = 2F55E8AB1FD55C2A00BC52F0 /* iosTests.xctest */;
			productType = "com.apple.product-type.bundle.unit-test";
		};
/* End PBXNativeTarget section */

/* Begin PBXProject section */
		2F55E88F1FD55C2A00BC52F0 /* Project object */ = {
			isa = PBXProject;
			attributes = {
				LastSwiftUpdateCheck = 0910;
				LastUpgradeCheck = 0910;
				ORGANIZATIONNAME = "Just Eat";
				TargetAttributes = {
					2F55E8961FD55C2A00BC52F0 = {
						CreatedOnToolsVersion = 9.1;
						ProvisioningStyle = Automatic;
					};
					2F55E8AA1FD55C2A00BC52F0 = {
						CreatedOnToolsVersion = 9.1;
						ProvisioningStyle = Automatic;
						TestTargetID = 2F55E8961FD55C2A00BC52F0;
					};
				};
			};
			buildConfigurationList = 2F55E8921FD55C2A00BC52F0 /* Build configuration list for PBXProject "ios" */;
			compatibilityVersion = "Xcode 8.0";
			developmentRegion = en;
			hasScannedForEncodings = 0;
			knownRegions = (
				en,
				Base,
			);
			mainGroup = 2F55E88E1FD55C2A00BC52F0;
			productRefGroup = 2F55E8981FD55C2A00BC52F0 /* Products */;
			projectDirPath = "";
			projectRoot = "";
			targets = (
				2F55E8961FD55C2A00BC52F0 /* ios */,
				2F55E8AA1FD55C2A00BC52F0 /* iosTests */,
			);
		};
/* End PBXProject section */

/* Begin PBXResourcesBuildPhase section */
		2F55E8951FD55C2A00BC52F0 /* Resources */ = {
			isa = PBXResourcesBuildPhase;
			buildActionMask = 2147483647;
			files = (
				2F54A3AF1FDED11F006DA319 /* Ubuntu.ttf in Resources */,
				2F54A3AE1FDED11F006DA319 /* Ubuntu-MediumItalic.ttf in Resources */,
				2F54A3A81FDED11F006DA319 /* HindVadodara-Regular.ttf in Resources */,
				2F54A3A61FDED11F006DA319 /* HindVadodara-Light.ttf in Resources */,
				2F043FA0204852DD00B5E557 /* ResultCollectionViewCell.xib in Resources */,
				2F9A05ED20160AF100D1B4D6 /* MenuHome.storyboard in Resources */,
				2F1C95381FFFBFD200684F4B /* Orders.storyboard in Resources */,
				2F54A3A51FDED11F006DA319 /* HindVadodara-Bold.ttf in Resources */,
				2F54A3AA1FDED11F006DA319 /* Ubuntu-Italic.ttf in Resources */,
				2F9A05F720163FDE00D1B4D6 /* MenuOrders.storyboard in Resources */,
				2F54A3AC1FDED11F006DA319 /* Ubuntu-LightItalic.ttf in Resources */,
				2F54A3AB1FDED11F006DA319 /* Ubuntu-Light.ttf in Resources */,
				2F54A3A71FDED11F006DA319 /* HindVadodara-Medium.ttf in Resources */,
				2F9A05F1201612C700D1B4D6 /* MenuAssets.xcassets in Resources */,
				2F1C953B1FFFC34400684F4B /* Settings.storyboard in Resources */,
				2F55E8A51FD55C2A00BC52F0 /* LaunchScreen.storyboard in Resources */,
				2F55E8A21FD55C2A00BC52F0 /* Assets.xcassets in Resources */,
				2F55E9041FD5A0A000BC52F0 /* Home.storyboard in Resources */,
				2F105E912003B5800093F2D8 /* Area.storyboard in Resources */,
				2F54A3A91FDED11F006DA319 /* HindVadodara-SemiBold.ttf in Resources */,
				2F54A3AD1FDED11F006DA319 /* Ubuntu-Medium.ttf in Resources */,
				2F9A05FB201645ED00D1B4D6 /* MenuSettings.storyboard in Resources */,
				2F105E8E2003AFBC0093F2D8 /* Restaurants.storyboard in Resources */,
				2F9A060220164AEA00D1B4D6 /* Reset.storyboard in Resources */,
				2F55E8A01FD55C2A00BC52F0 /* RootView.storyboard in Resources */,
				2F9A05E720125A7700D1B4D6 /* Menu.storyboard in Resources */,
				2F559A481FFBE8E20024F7B1 /* Tabs.storyboard in Resources */,
			);
			runOnlyForDeploymentPostprocessing = 0;
		};
		2F55E8A91FD55C2A00BC52F0 /* Resources */ = {
			isa = PBXResourcesBuildPhase;
			buildActionMask = 2147483647;
			files = (
			);
			runOnlyForDeploymentPostprocessing = 0;
		};
/* End PBXResourcesBuildPhase section */

/* Begin PBXShellScriptBuildPhase section */
		4DEDDACE5DADD0FABA641453 /* [CP] Check Pods Manifest.lock */ = {
			isa = PBXShellScriptBuildPhase;
			buildActionMask = 2147483647;
			files = (
			);
			inputPaths = (
				"${PODS_PODFILE_DIR_PATH}/Podfile.lock",
				"${PODS_ROOT}/Manifest.lock",
			);
			name = "[CP] Check Pods Manifest.lock";
			outputPaths = (
				"$(DERIVED_FILE_DIR)/Pods-ios-checkManifestLockResult.txt",
			);
			runOnlyForDeploymentPostprocessing = 0;
			shellPath = /bin/sh;
			shellScript = "diff \"${PODS_PODFILE_DIR_PATH}/Podfile.lock\" \"${PODS_ROOT}/Manifest.lock\" > /dev/null\nif [ $? != 0 ] ; then\n    # print error to STDERR\n    echo \"error: The sandbox is not in sync with the Podfile.lock. Run 'pod install' or update your CocoaPods installation.\" >&2\n    exit 1\nfi\n# This output is used by Xcode 'outputs' to avoid re-running this script phase.\necho \"SUCCESS\" > \"${SCRIPT_OUTPUT_FILE_0}\"\n";
			showEnvVarsInLog = 0;
		};
		5805CD80FC420E07F1852C01 /* [CP] Embed Pods Frameworks */ = {
			isa = PBXShellScriptBuildPhase;
			buildActionMask = 2147483647;
			files = (
			);
			inputPaths = (
				"${SRCROOT}/Pods/Target Support Files/Pods-ios/Pods-ios-frameworks.sh",
				"${BUILT_PRODUCTS_DIR}/RxCocoa/RxCocoa.framework",
				"${BUILT_PRODUCTS_DIR}/RxSwift/RxSwift.framework",
			);
			name = "[CP] Embed Pods Frameworks";
			outputPaths = (
				"${TARGET_BUILD_DIR}/${FRAMEWORKS_FOLDER_PATH}/RxCocoa.framework",
				"${TARGET_BUILD_DIR}/${FRAMEWORKS_FOLDER_PATH}/RxSwift.framework",
			);
			runOnlyForDeploymentPostprocessing = 0;
			shellPath = /bin/sh;
			shellScript = "\"${SRCROOT}/Pods/Target Support Files/Pods-ios/Pods-ios-frameworks.sh\"\n";
			showEnvVarsInLog = 0;
		};
		6798860992A3849358892F8C /* [CP] Copy Pods Resources */ = {
			isa = PBXShellScriptBuildPhase;
			buildActionMask = 2147483647;
			files = (
			);
			inputPaths = (
			);
			name = "[CP] Copy Pods Resources";
			outputPaths = (
			);
			runOnlyForDeploymentPostprocessing = 0;
			shellPath = /bin/sh;
			shellScript = "\"${SRCROOT}/Pods/Target Support Files/Pods-ios/Pods-ios-resources.sh\"\n";
			showEnvVarsInLog = 0;
		};
/* End PBXShellScriptBuildPhase section */

/* Begin PBXSourcesBuildPhase section */
		2F55E8931FD55C2A00BC52F0 /* Sources */ = {
			isa = PBXSourcesBuildPhase;
			buildActionMask = 2147483647;
			files = (
				2F72B5B820248BA1000F298B /* removePresentedScreensEffect.swift in Sources */,
				2F043F782044534800B5E557 /* SearchReducer.swift in Sources */,
				2F043F882046C32E00B5E557 /* SearchStateSlice+cloneWith.swift in Sources */,
				2FAE84C4202371BE008F31EA /* initialCoreStateSlice.swift in Sources */,
				2F043F752044528F00B5E557 /* SearchStateSlice.swift in Sources */,
				2FBC4B73202589C300C7F4D8 /* PresentationRoot.swift in Sources */,
				2F043F862046C21E00B5E557 /* CoreStateSlice+cloneWith.swift in Sources */,
				2F55E89D1FD55C2A00BC52F0 /* RootViewController.swift in Sources */,
				2F55E89B1FD55C2A00BC52F0 /* AppDelegate.swift in Sources */,
				2F4E070E200BF61700F928FF /* TabsTabBarController.swift in Sources */,
				2F043F7C204569E400B5E557 /* searchEffect.swift in Sources */,
				2FBC4B7520258B4B00C7F4D8 /* InitialPresentationDelegate.swift in Sources */,
				2F4B1D571FFE2E44003CDF47 /* AdaptationService.swift in Sources */,
				2F043F822046C18000B5E557 /* CoreStateSlice+reduce.swift in Sources */,
				2F043F7A2044563000B5E557 /* initialSearchStateSlice.swift in Sources */,
				2FEF7708204024D000BFE3CE /* SearchServiceResponse.swift in Sources */,
				2FAE84C120236EEA008F31EA /* updatePathReducer.swift in Sources */,
				2F9A060020164AC000D1B4D6 /* ResetViewController.swift in Sources */,
				2FAE84CB20237668008F31EA /* presentMenuReducer.swift in Sources */,
				2F72B5B62024897E000F298B /* presentScreensEffect.swift in Sources */,
				2F55E9061FD5A46E00BC52F0 /* Screen.swift in Sources */,
				2F043F942046F63B00B5E557 /* Restaurant+Equatable.swift in Sources */,
				2FAE84B220236A1E008F31EA /* DismissLastScreenFamilyAction.swift in Sources */,
				2F043F802046C14500B5E557 /* SearchStateSlice+reduce.swift in Sources */,
				2F043F842046C20200B5E557 /* CoreStateSlice+callSideEffects.swift in Sources */,
				2F25ADD5204E9F7900609819 /* UIView+rotateForever.swift in Sources */,
				2FAE84BF20236ECA008F31EA /* updateIsAdaptedReducer.swift in Sources */,
				2FD738B620090D7C00F08F57 /* AreaViewController.swift in Sources */,
				2F9A05FD2016463800D1B4D6 /* MenuSettingsViewController.swift in Sources */,
				2FAE84B420236A3A008F31EA /* UpdatePathAction.swift in Sources */,
				2FAE84C8202374A8008F31EA /* initialState.swift in Sources */,
				2F72B5BC2024CBB1000F298B /* Effect.swift in Sources */,
				2FD095851FDAC15D0023DF02 /* HomeViewController.swift in Sources */,
				2F9A05F32016171500D1B4D6 /* PresentMenuAction.swift in Sources */,
				2FAE84C620237443008F31EA /* Actionable.swift in Sources */,
				2F043F9F204852DD00B5E557 /* ResultCollectionViewCell.swift in Sources */,
				2F9A05F92016402400D1B4D6 /* MenuOrdersViewController.swift in Sources */,
				2F25ADDD204FAA9100609819 /* UIImageView+download.swift in Sources */,
				2F105E9320052B960093F2D8 /* OrdersViewController.swift in Sources */,
				2F043F982048022800B5E557 /* Store+selectRestaurants.swift in Sources */,
				2FBC4B7720260C2E00C7F4D8 /* initialPresenter.swift in Sources */,
				2F64374B2007B981006D863F /* Reducible.swift in Sources */,
				2FAE84B0202369CA008F31EA /* ActivateAdaptationAction.swift in Sources */,
				2F64373E20078787006D863F /* CoreReducer.swift in Sources */,
				2F9A05EF20160BBF00D1B4D6 /* MenuHomeViewController.swift in Sources */,
				2F64373120062F7F006D863F /* StoreDepending.swift in Sources */,
				2F25ADD9204EE4A400609819 /* String+toTimeString.swift in Sources */,
				2FAE84B620236A57008F31EA /* UpdateIsAdaptedAction.swift in Sources */,
				2F043F9A2048140100B5E557 /* presentRouteEffect.swift in Sources */,
				2F4E0713200CE85700F928FF /* Presentable.swift in Sources */,
				2F643733200652BE006D863F /* PathPattern.swift in Sources */,
				2FAE84BD20236EA6008F31EA /* presentResetScreenReducer.swift in Sources */,
				2FFBEA821FD83A37006D340C /* RaysView.swift in Sources */,
				2F6437492007B913006D863F /* CoreStateSlice.swift in Sources */,
				2F043F912046C79700B5E557 /* UpdateRestaurantsAction.swift in Sources */,
				2FAE84AE20236968008F31EA /* InitialAction.swift in Sources */,
				2FD738B820090EE500F08F57 /* RestaurantsNavigationController.swift in Sources */,
				2FA4A431203DB1100087F46D /* AdaptationServiceResponse.swift in Sources */,
				2F043F8C2046C61900B5E557 /* updateRestaurantsReducer.swift in Sources */,
				2F043F8F2046C74200B5E557 /* UpdatePostcodeAction.swift in Sources */,
				2F25ADD7204EE47700609819 /* String+toDate.swift in Sources */,
				2FAE84BB20236E89008F31EA /* dismissLastScreenFamilyReducer.swift in Sources */,
				2F9A05E92015D8D100D1B4D6 /* MenuViewController.swift in Sources */,
				2F55E8F01FD58A7F00BC52F0 /* State.swift in Sources */,
				2F6437372006577D006D863F /* ReducerFunc.swift in Sources */,
				2F4E0719200E2BAF00F928FF /* activateMenuAdaptationReducer.swift in Sources */,
				2F55E8F21FD5925F00BC52F0 /* Store.swift in Sources */,
				2F043F8A2046C60000B5E557 /* updatePostcodeReducer.swift in Sources */,
				2F043F9C2048144900B5E557 /* present.swift in Sources */,
				2FE8866420402B9D00E65ABE /* SearchService.swift in Sources */,
				2F72B5BA20248CE1000F298B /* EffectFunc.swift in Sources */,
				2F64373C20076CBB006D863F /* Action.swift in Sources */,
				2F64373A2006693C006D863F /* InitStateAction.swift in Sources */,
				2FEF7703203F1AF600BFE3CE /* Getable.swift in Sources */,
				2F043F7220444B7100B5E557 /* Restaurant.swift in Sources */,
				2FEF7701203F1ACD00BFE3CE /* Requestable.swift in Sources */,
				2F043F7E2045BD2000B5E557 /* OverriddenOptional.swift in Sources */,
				2F4E0710200BF98900F928FF /* SettingsViewController.swift in Sources */,
				2F25ADDF204FAFC000609819 /* LogoUiImageView.swift in Sources */,
				2FAE84B820236ADB008F31EA /* PresentResetScreenAction.swift in Sources */,
			);
			runOnlyForDeploymentPostprocessing = 0;
		};
		2F55E8A71FD55C2A00BC52F0 /* Sources */ = {
			isa = PBXSourcesBuildPhase;
			buildActionMask = 2147483647;
			files = (
				2F55E8B01FD55C2A00BC52F0 /* iosTests.swift in Sources */,
			);
			runOnlyForDeploymentPostprocessing = 0;
		};
/* End PBXSourcesBuildPhase section */

/* Begin PBXTargetDependency section */
		2F55E8AD1FD55C2A00BC52F0 /* PBXTargetDependency */ = {
			isa = PBXTargetDependency;
			target = 2F55E8961FD55C2A00BC52F0 /* ios */;
			targetProxy = 2F55E8AC1FD55C2A00BC52F0 /* PBXContainerItemProxy */;
		};
/* End PBXTargetDependency section */

/* Begin PBXVariantGroup section */
		2F55E89E1FD55C2A00BC52F0 /* RootView.storyboard */ = {
			isa = PBXVariantGroup;
			children = (
				2F55E89F1FD55C2A00BC52F0 /* Base */,
			);
			name = RootView.storyboard;
			sourceTree = "<group>";
		};
		2F55E8A31FD55C2A00BC52F0 /* LaunchScreen.storyboard */ = {
			isa = PBXVariantGroup;
			children = (
				2F55E8A41FD55C2A00BC52F0 /* Base */,
			);
			name = LaunchScreen.storyboard;
			sourceTree = "<group>";
		};
/* End PBXVariantGroup section */

/* Begin XCBuildConfiguration section */
		2F55E8B21FD55C2A00BC52F0 /* Debug */ = {
			isa = XCBuildConfiguration;
			buildSettings = {
				ALWAYS_SEARCH_USER_PATHS = NO;
				CLANG_ANALYZER_NONNULL = YES;
				CLANG_ANALYZER_NUMBER_OBJECT_CONVERSION = YES_AGGRESSIVE;
				CLANG_CXX_LANGUAGE_STANDARD = "gnu++14";
				CLANG_CXX_LIBRARY = "libc++";
				CLANG_ENABLE_MODULES = YES;
				CLANG_ENABLE_OBJC_ARC = YES;
				CLANG_WARN_BLOCK_CAPTURE_AUTORELEASING = YES;
				CLANG_WARN_BOOL_CONVERSION = YES;
				CLANG_WARN_COMMA = YES;
				CLANG_WARN_CONSTANT_CONVERSION = YES;
				CLANG_WARN_DIRECT_OBJC_ISA_USAGE = YES_ERROR;
				CLANG_WARN_DOCUMENTATION_COMMENTS = YES;
				CLANG_WARN_EMPTY_BODY = YES;
				CLANG_WARN_ENUM_CONVERSION = YES;
				CLANG_WARN_INFINITE_RECURSION = YES;
				CLANG_WARN_INT_CONVERSION = YES;
				CLANG_WARN_NON_LITERAL_NULL_CONVERSION = YES;
				CLANG_WARN_OBJC_LITERAL_CONVERSION = YES;
				CLANG_WARN_OBJC_ROOT_CLASS = YES_ERROR;
				CLANG_WARN_RANGE_LOOP_ANALYSIS = YES;
				CLANG_WARN_STRICT_PROTOTYPES = YES;
				CLANG_WARN_SUSPICIOUS_MOVE = YES;
				CLANG_WARN_UNGUARDED_AVAILABILITY = YES_AGGRESSIVE;
				CLANG_WARN_UNREACHABLE_CODE = YES;
				CLANG_WARN__DUPLICATE_METHOD_MATCH = YES;
				CODE_SIGN_IDENTITY = "iPhone Developer";
				COPY_PHASE_STRIP = NO;
				DEBUG_INFORMATION_FORMAT = dwarf;
				ENABLE_STRICT_OBJC_MSGSEND = YES;
				ENABLE_TESTABILITY = YES;
				GCC_C_LANGUAGE_STANDARD = gnu11;
				GCC_DYNAMIC_NO_PIC = NO;
				GCC_NO_COMMON_BLOCKS = YES;
				GCC_OPTIMIZATION_LEVEL = 0;
				GCC_PREPROCESSOR_DEFINITIONS = (
					"DEBUG=1",
					"$(inherited)",
				);
				GCC_WARN_64_TO_32_BIT_CONVERSION = YES;
				GCC_WARN_ABOUT_RETURN_TYPE = YES_ERROR;
				GCC_WARN_UNDECLARED_SELECTOR = YES;
				GCC_WARN_UNINITIALIZED_AUTOS = YES_AGGRESSIVE;
				GCC_WARN_UNUSED_FUNCTION = YES;
				GCC_WARN_UNUSED_VARIABLE = YES;
				IPHONEOS_DEPLOYMENT_TARGET = 11.1;
				MTL_ENABLE_DEBUG_INFO = YES;
				ONLY_ACTIVE_ARCH = YES;
				SDKROOT = iphoneos;
				SWIFT_ACTIVE_COMPILATION_CONDITIONS = DEBUG;
				SWIFT_OPTIMIZATION_LEVEL = "-Onone";
			};
			name = Debug;
		};
		2F55E8B31FD55C2A00BC52F0 /* Release */ = {
			isa = XCBuildConfiguration;
			buildSettings = {
				ALWAYS_SEARCH_USER_PATHS = NO;
				CLANG_ANALYZER_NONNULL = YES;
				CLANG_ANALYZER_NUMBER_OBJECT_CONVERSION = YES_AGGRESSIVE;
				CLANG_CXX_LANGUAGE_STANDARD = "gnu++14";
				CLANG_CXX_LIBRARY = "libc++";
				CLANG_ENABLE_MODULES = YES;
				CLANG_ENABLE_OBJC_ARC = YES;
				CLANG_WARN_BLOCK_CAPTURE_AUTORELEASING = YES;
				CLANG_WARN_BOOL_CONVERSION = YES;
				CLANG_WARN_COMMA = YES;
				CLANG_WARN_CONSTANT_CONVERSION = YES;
				CLANG_WARN_DIRECT_OBJC_ISA_USAGE = YES_ERROR;
				CLANG_WARN_DOCUMENTATION_COMMENTS = YES;
				CLANG_WARN_EMPTY_BODY = YES;
				CLANG_WARN_ENUM_CONVERSION = YES;
				CLANG_WARN_INFINITE_RECURSION = YES;
				CLANG_WARN_INT_CONVERSION = YES;
				CLANG_WARN_NON_LITERAL_NULL_CONVERSION = YES;
				CLANG_WARN_OBJC_LITERAL_CONVERSION = YES;
				CLANG_WARN_OBJC_ROOT_CLASS = YES_ERROR;
				CLANG_WARN_RANGE_LOOP_ANALYSIS = YES;
				CLANG_WARN_STRICT_PROTOTYPES = YES;
				CLANG_WARN_SUSPICIOUS_MOVE = YES;
				CLANG_WARN_UNGUARDED_AVAILABILITY = YES_AGGRESSIVE;
				CLANG_WARN_UNREACHABLE_CODE = YES;
				CLANG_WARN__DUPLICATE_METHOD_MATCH = YES;
				CODE_SIGN_IDENTITY = "iPhone Developer";
				COPY_PHASE_STRIP = NO;
				DEBUG_INFORMATION_FORMAT = "dwarf-with-dsym";
				ENABLE_NS_ASSERTIONS = NO;
				ENABLE_STRICT_OBJC_MSGSEND = YES;
				GCC_C_LANGUAGE_STANDARD = gnu11;
				GCC_NO_COMMON_BLOCKS = YES;
				GCC_WARN_64_TO_32_BIT_CONVERSION = YES;
				GCC_WARN_ABOUT_RETURN_TYPE = YES_ERROR;
				GCC_WARN_UNDECLARED_SELECTOR = YES;
				GCC_WARN_UNINITIALIZED_AUTOS = YES_AGGRESSIVE;
				GCC_WARN_UNUSED_FUNCTION = YES;
				GCC_WARN_UNUSED_VARIABLE = YES;
				IPHONEOS_DEPLOYMENT_TARGET = 11.1;
				MTL_ENABLE_DEBUG_INFO = NO;
				SDKROOT = iphoneos;
				SWIFT_OPTIMIZATION_LEVEL = "-Owholemodule";
				VALIDATE_PRODUCT = YES;
			};
			name = Release;
		};
		2F55E8B51FD55C2A00BC52F0 /* Debug */ = {
			isa = XCBuildConfiguration;
			baseConfigurationReference = 92CAA143045949EFB1DCEB2D /* Pods-ios.debug.xcconfig */;
			buildSettings = {
				ASSETCATALOG_COMPILER_APPICON_NAME = AppIcon;
				"CODE_SIGN_IDENTITY[sdk=iphoneos*]" = "iPhone Developer";
				CODE_SIGN_STYLE = Automatic;
				DEVELOPMENT_TEAM = TSHPG2KMPN;
				FRAMEWORK_SEARCH_PATHS = "$(inherited)";
				INFOPLIST_FILE = ios/Info.plist;
				IPHONEOS_DEPLOYMENT_TARGET = 11.1;
				LD_RUNPATH_SEARCH_PATHS = "$(inherited) @executable_path/Frameworks";
				PRODUCT_BUNDLE_IDENTIFIER = "com.appspot.mpd-proto";
				PRODUCT_NAME = "$(TARGET_NAME)";
				PROVISIONING_PROFILE_SPECIFIER = "";
				SWIFT_VERSION = 4.0;
				TARGETED_DEVICE_FAMILY = "1,2";
			};
			name = Debug;
		};
		2F55E8B61FD55C2A00BC52F0 /* Release */ = {
			isa = XCBuildConfiguration;
			baseConfigurationReference = 90CABB8CBD92D76DFC9F6611 /* Pods-ios.release.xcconfig */;
			buildSettings = {
				ASSETCATALOG_COMPILER_APPICON_NAME = AppIcon;
				"CODE_SIGN_IDENTITY[sdk=iphoneos*]" = "iPhone Developer";
				CODE_SIGN_STYLE = Automatic;
				DEVELOPMENT_TEAM = TSHPG2KMPN;
				FRAMEWORK_SEARCH_PATHS = "$(inherited)";
				INFOPLIST_FILE = ios/Info.plist;
				IPHONEOS_DEPLOYMENT_TARGET = 11.1;
				LD_RUNPATH_SEARCH_PATHS = "$(inherited) @executable_path/Frameworks";
				PRODUCT_BUNDLE_IDENTIFIER = "com.appspot.mpd-proto";
				PRODUCT_NAME = "$(TARGET_NAME)";
				PROVISIONING_PROFILE_SPECIFIER = "";
				SWIFT_VERSION = 4.0;
				TARGETED_DEVICE_FAMILY = "1,2";
			};
			name = Release;
		};
		2F55E8B81FD55C2A00BC52F0 /* Debug */ = {
			isa = XCBuildConfiguration;
			buildSettings = {
				ALWAYS_EMBED_SWIFT_STANDARD_LIBRARIES = YES;
				BUNDLE_LOADER = "$(TEST_HOST)";
				CODE_SIGN_STYLE = Automatic;
				DEVELOPMENT_TEAM = FA87YP34E2;
				INFOPLIST_FILE = iosTests/Info.plist;
				LD_RUNPATH_SEARCH_PATHS = "$(inherited) @executable_path/Frameworks @loader_path/Frameworks";
				PRODUCT_BUNDLE_IDENTIFIER = "com.appspot.jepd-future.iosTests";
				PRODUCT_NAME = "$(TARGET_NAME)";
				SWIFT_VERSION = 4.0;
				TARGETED_DEVICE_FAMILY = "1,2";
				TEST_HOST = "$(BUILT_PRODUCTS_DIR)/ios.app/ios";
			};
			name = Debug;
		};
		2F55E8B91FD55C2A00BC52F0 /* Release */ = {
			isa = XCBuildConfiguration;
			buildSettings = {
				ALWAYS_EMBED_SWIFT_STANDARD_LIBRARIES = YES;
				BUNDLE_LOADER = "$(TEST_HOST)";
				CODE_SIGN_STYLE = Automatic;
				DEVELOPMENT_TEAM = FA87YP34E2;
				INFOPLIST_FILE = iosTests/Info.plist;
				LD_RUNPATH_SEARCH_PATHS = "$(inherited) @executable_path/Frameworks @loader_path/Frameworks";
				PRODUCT_BUNDLE_IDENTIFIER = "com.appspot.jepd-future.iosTests";
				PRODUCT_NAME = "$(TARGET_NAME)";
				SWIFT_VERSION = 4.0;
				TARGETED_DEVICE_FAMILY = "1,2";
				TEST_HOST = "$(BUILT_PRODUCTS_DIR)/ios.app/ios";
			};
			name = Release;
		};
/* End XCBuildConfiguration section */

/* Begin XCConfigurationList section */
		2F55E8921FD55C2A00BC52F0 /* Build configuration list for PBXProject "ios" */ = {
			isa = XCConfigurationList;
			buildConfigurations = (
				2F55E8B21FD55C2A00BC52F0 /* Debug */,
				2F55E8B31FD55C2A00BC52F0 /* Release */,
			);
			defaultConfigurationIsVisible = 0;
			defaultConfigurationName = Release;
		};
		2F55E8B41FD55C2A00BC52F0 /* Build configuration list for PBXNativeTarget "ios" */ = {
			isa = XCConfigurationList;
			buildConfigurations = (
				2F55E8B51FD55C2A00BC52F0 /* Debug */,
				2F55E8B61FD55C2A00BC52F0 /* Release */,
			);
			defaultConfigurationIsVisible = 0;
			defaultConfigurationName = Release;
		};
		2F55E8B71FD55C2A00BC52F0 /* Build configuration list for PBXNativeTarget "iosTests" */ = {
			isa = XCConfigurationList;
			buildConfigurations = (
				2F55E8B81FD55C2A00BC52F0 /* Debug */,
				2F55E8B91FD55C2A00BC52F0 /* Release */,
			);
			defaultConfigurationIsVisible = 0;
			defaultConfigurationName = Release;
		};
/* End XCConfigurationList section */
	};
	rootObject = 2F55E88F1FD55C2A00BC52F0 /* Project object */;
}
