// !$*UTF8*$!
{
	archiveVersion = 1;
	classes = {
	};
	objectVersion = 48;
	objects = {

/* Begin PBXBuildFile section */
		2F54A3A51FDED11F006DA319 /* HindVadodara-Bold.ttf in Resources */ = {isa = PBXBuildFile; fileRef = 2F54A39A1FDED11F006DA319 /* HindVadodara-Bold.ttf */; };
		2F54A3A61FDED11F006DA319 /* HindVadodara-Light.ttf in Resources */ = {isa = PBXBuildFile; fileRef = 2F54A39B1FDED11F006DA319 /* HindVadodara-Light.ttf */; };
		2F54A3A71FDED11F006DA319 /* HindVadodara-Medium.ttf in Resources */ = {isa = PBXBuildFile; fileRef = 2F54A39C1FDED11F006DA319 /* HindVadodara-Medium.ttf */; };
		2F54A3A81FDED11F006DA319 /* HindVadodara-Regular.ttf in Resources */ = {isa = PBXBuildFile; fileRef = 2F54A39D1FDED11F006DA319 /* HindVadodara-Regular.ttf */; };
		2F54A3A91FDED11F006DA319 /* HindVadodara-SemiBold.ttf in Resources */ = {isa = PBXBuildFile; fileRef = 2F54A39E1FDED11F006DA319 /* HindVadodara-SemiBold.ttf */; };
		2F54A3AA1FDED11F006DA319 /* Ubuntu-Italic.ttf in Resources */ = {isa = PBXBuildFile; fileRef = 2F54A39F1FDED11F006DA319 /* Ubuntu-Italic.ttf */; };
		2F54A3AB1FDED11F006DA319 /* Ubuntu-Light.ttf in Resources */ = {isa = PBXBuildFile; fileRef = 2F54A3A01FDED11F006DA319 /* Ubuntu-Light.ttf */; };
		2F54A3AC1FDED11F006DA319 /* Ubuntu-LightItalic.ttf in Resources */ = {isa = PBXBuildFile; fileRef = 2F54A3A11FDED11F006DA319 /* Ubuntu-LightItalic.ttf */; };
		2F54A3AD1FDED11F006DA319 /* Ubuntu-Medium.ttf in Resources */ = {isa = PBXBuildFile; fileRef = 2F54A3A21FDED11F006DA319 /* Ubuntu-Medium.ttf */; };
		2F54A3AE1FDED11F006DA319 /* Ubuntu-MediumItalic.ttf in Resources */ = {isa = PBXBuildFile; fileRef = 2F54A3A31FDED11F006DA319 /* Ubuntu-MediumItalic.ttf */; };
		2F54A3AF1FDED11F006DA319 /* Ubuntu.ttf in Resources */ = {isa = PBXBuildFile; fileRef = 2F54A3A41FDED11F006DA319 /* Ubuntu.ttf */; };
		2F55E89B1FD55C2A00BC52F0 /* AppDelegate.swift in Sources */ = {isa = PBXBuildFile; fileRef = 2F55E89A1FD55C2A00BC52F0 /* AppDelegate.swift */; };
		2F55E89D1FD55C2A00BC52F0 /* ViewController.swift in Sources */ = {isa = PBXBuildFile; fileRef = 2F55E89C1FD55C2A00BC52F0 /* ViewController.swift */; };
		2F55E8A01FD55C2A00BC52F0 /* Main.storyboard in Resources */ = {isa = PBXBuildFile; fileRef = 2F55E89E1FD55C2A00BC52F0 /* Main.storyboard */; };
		2F55E8A21FD55C2A00BC52F0 /* Assets.xcassets in Resources */ = {isa = PBXBuildFile; fileRef = 2F55E8A11FD55C2A00BC52F0 /* Assets.xcassets */; };
		2F55E8A51FD55C2A00BC52F0 /* LaunchScreen.storyboard in Resources */ = {isa = PBXBuildFile; fileRef = 2F55E8A31FD55C2A00BC52F0 /* LaunchScreen.storyboard */; };
		2F55E8B01FD55C2A00BC52F0 /* iosTests.swift in Sources */ = {isa = PBXBuildFile; fileRef = 2F55E8AF1FD55C2A00BC52F0 /* iosTests.swift */; };
		2F55E8DD1FD57ACC00BC52F0 /* RxSwift.framework in Frameworks */ = {isa = PBXBuildFile; fileRef = 2F55E8DC1FD57ACC00BC52F0 /* RxSwift.framework */; };
		2F55E8F01FD58A7F00BC52F0 /* State.swift in Sources */ = {isa = PBXBuildFile; fileRef = 2F55E8EF1FD58A7F00BC52F0 /* State.swift */; };
		2F55E8F21FD5925F00BC52F0 /* Store.swift in Sources */ = {isa = PBXBuildFile; fileRef = 2F55E8F11FD5925F00BC52F0 /* Store.swift */; };
		2F55E8F41FD59CBD00BC52F0 /* Routes.swift in Sources */ = {isa = PBXBuildFile; fileRef = 2F55E8F31FD59CBD00BC52F0 /* Routes.swift */; };
		2F55E9041FD5A0A000BC52F0 /* HomeView.storyboard in Resources */ = {isa = PBXBuildFile; fileRef = 2F55E9031FD5A0A000BC52F0 /* HomeView.storyboard */; };
		2F55E9061FD5A46E00BC52F0 /* Views.swift in Sources */ = {isa = PBXBuildFile; fileRef = 2F55E9051FD5A46E00BC52F0 /* Views.swift */; };
		2FD095851FDAC15D0023DF02 /* HomeViewController.swift in Sources */ = {isa = PBXBuildFile; fileRef = 2FD095841FDAC15D0023DF02 /* HomeViewController.swift */; };
		2FFBEA821FD83A37006D340C /* RaysView.swift in Sources */ = {isa = PBXBuildFile; fileRef = 2FFBEA811FD83A37006D340C /* RaysView.swift */; };
/* End PBXBuildFile section */

/* Begin PBXContainerItemProxy section */
		2F55E8AC1FD55C2A00BC52F0 /* PBXContainerItemProxy */ = {
			isa = PBXContainerItemProxy;
			containerPortal = 2F55E88F1FD55C2A00BC52F0 /* Project object */;
			proxyType = 1;
			remoteGlobalIDString = 2F55E8961FD55C2A00BC52F0;
			remoteInfo = ios;
		};
/* End PBXContainerItemProxy section */

/* Begin PBXFileReference section */
		2F54A39A1FDED11F006DA319 /* HindVadodara-Bold.ttf */ = {isa = PBXFileReference; lastKnownFileType = file; path = "HindVadodara-Bold.ttf"; sourceTree = "<group>"; };
		2F54A39B1FDED11F006DA319 /* HindVadodara-Light.ttf */ = {isa = PBXFileReference; lastKnownFileType = file; path = "HindVadodara-Light.ttf"; sourceTree = "<group>"; };
		2F54A39C1FDED11F006DA319 /* HindVadodara-Medium.ttf */ = {isa = PBXFileReference; lastKnownFileType = file; path = "HindVadodara-Medium.ttf"; sourceTree = "<group>"; };
		2F54A39D1FDED11F006DA319 /* HindVadodara-Regular.ttf */ = {isa = PBXFileReference; lastKnownFileType = file; path = "HindVadodara-Regular.ttf"; sourceTree = "<group>"; };
		2F54A39E1FDED11F006DA319 /* HindVadodara-SemiBold.ttf */ = {isa = PBXFileReference; lastKnownFileType = file; path = "HindVadodara-SemiBold.ttf"; sourceTree = "<group>"; };
		2F54A39F1FDED11F006DA319 /* Ubuntu-Italic.ttf */ = {isa = PBXFileReference; lastKnownFileType = file; path = "Ubuntu-Italic.ttf"; sourceTree = "<group>"; };
		2F54A3A01FDED11F006DA319 /* Ubuntu-Light.ttf */ = {isa = PBXFileReference; lastKnownFileType = file; path = "Ubuntu-Light.ttf"; sourceTree = "<group>"; };
		2F54A3A11FDED11F006DA319 /* Ubuntu-LightItalic.ttf */ = {isa = PBXFileReference; lastKnownFileType = file; path = "Ubuntu-LightItalic.ttf"; sourceTree = "<group>"; };
		2F54A3A21FDED11F006DA319 /* Ubuntu-Medium.ttf */ = {isa = PBXFileReference; lastKnownFileType = file; path = "Ubuntu-Medium.ttf"; sourceTree = "<group>"; };
		2F54A3A31FDED11F006DA319 /* Ubuntu-MediumItalic.ttf */ = {isa = PBXFileReference; lastKnownFileType = file; path = "Ubuntu-MediumItalic.ttf"; sourceTree = "<group>"; };
		2F54A3A41FDED11F006DA319 /* Ubuntu.ttf */ = {isa = PBXFileReference; lastKnownFileType = file; path = Ubuntu.ttf; sourceTree = "<group>"; };
		2F55E8971FD55C2A00BC52F0 /* ios.app */ = {isa = PBXFileReference; explicitFileType = wrapper.application; includeInIndex = 0; path = ios.app; sourceTree = BUILT_PRODUCTS_DIR; };
		2F55E89A1FD55C2A00BC52F0 /* AppDelegate.swift */ = {isa = PBXFileReference; lastKnownFileType = sourcecode.swift; path = AppDelegate.swift; sourceTree = "<group>"; };
		2F55E89C1FD55C2A00BC52F0 /* ViewController.swift */ = {isa = PBXFileReference; lastKnownFileType = sourcecode.swift; path = ViewController.swift; sourceTree = "<group>"; };
		2F55E89F1FD55C2A00BC52F0 /* Base */ = {isa = PBXFileReference; lastKnownFileType = file.storyboard; name = Base; path = Base.lproj/Main.storyboard; sourceTree = "<group>"; };
		2F55E8A11FD55C2A00BC52F0 /* Assets.xcassets */ = {isa = PBXFileReference; lastKnownFileType = folder.assetcatalog; path = Assets.xcassets; sourceTree = "<group>"; };
		2F55E8A41FD55C2A00BC52F0 /* Base */ = {isa = PBXFileReference; lastKnownFileType = file.storyboard; name = Base; path = Base.lproj/LaunchScreen.storyboard; sourceTree = "<group>"; };
		2F55E8A61FD55C2A00BC52F0 /* Info.plist */ = {isa = PBXFileReference; lastKnownFileType = text.plist.xml; path = Info.plist; sourceTree = "<group>"; };
		2F55E8AB1FD55C2A00BC52F0 /* iosTests.xctest */ = {isa = PBXFileReference; explicitFileType = wrapper.cfbundle; includeInIndex = 0; path = iosTests.xctest; sourceTree = BUILT_PRODUCTS_DIR; };
		2F55E8AF1FD55C2A00BC52F0 /* iosTests.swift */ = {isa = PBXFileReference; lastKnownFileType = sourcecode.swift; path = iosTests.swift; sourceTree = "<group>"; };
		2F55E8B11FD55C2A00BC52F0 /* Info.plist */ = {isa = PBXFileReference; lastKnownFileType = text.plist.xml; path = Info.plist; sourceTree = "<group>"; };
		2F55E8DC1FD57ACC00BC52F0 /* RxSwift.framework */ = {isa = PBXFileReference; lastKnownFileType = wrapper.framework; name = RxSwift.framework; path = Carthage/Build/iOS/RxSwift.framework; sourceTree = "<group>"; };
		2F55E8EF1FD58A7F00BC52F0 /* State.swift */ = {isa = PBXFileReference; lastKnownFileType = sourcecode.swift; path = State.swift; sourceTree = "<group>"; };
		2F55E8F11FD5925F00BC52F0 /* Store.swift */ = {isa = PBXFileReference; lastKnownFileType = sourcecode.swift; path = Store.swift; sourceTree = "<group>"; };
		2F55E8F31FD59CBD00BC52F0 /* Routes.swift */ = {isa = PBXFileReference; lastKnownFileType = sourcecode.swift; path = Routes.swift; sourceTree = "<group>"; };
		2F55E9031FD5A0A000BC52F0 /* HomeView.storyboard */ = {isa = PBXFileReference; lastKnownFileType = file.storyboard; path = HomeView.storyboard; sourceTree = "<group>"; };
		2F55E9051FD5A46E00BC52F0 /* Views.swift */ = {isa = PBXFileReference; lastKnownFileType = sourcecode.swift; path = Views.swift; sourceTree = "<group>"; };
		2FD095841FDAC15D0023DF02 /* HomeViewController.swift */ = {isa = PBXFileReference; lastKnownFileType = sourcecode.swift; path = HomeViewController.swift; sourceTree = "<group>"; };
		2FFBEA811FD83A37006D340C /* RaysView.swift */ = {isa = PBXFileReference; lastKnownFileType = sourcecode.swift; path = RaysView.swift; sourceTree = "<group>"; };
/* End PBXFileReference section */

/* Begin PBXFrameworksBuildPhase section */
		2F55E8941FD55C2A00BC52F0 /* Frameworks */ = {
			isa = PBXFrameworksBuildPhase;
			buildActionMask = 2147483647;
			files = (
				2F55E8DD1FD57ACC00BC52F0 /* RxSwift.framework in Frameworks */,
			);
			runOnlyForDeploymentPostprocessing = 0;
		};
		2F55E8A81FD55C2A00BC52F0 /* Frameworks */ = {
			isa = PBXFrameworksBuildPhase;
			buildActionMask = 2147483647;
			files = (
			);
			runOnlyForDeploymentPostprocessing = 0;
		};
/* End PBXFrameworksBuildPhase section */

/* Begin PBXGroup section */
		2F54A3991FDED11F006DA319 /* Fonts */ = {
			isa = PBXGroup;
			children = (
				2F54A39A1FDED11F006DA319 /* HindVadodara-Bold.ttf */,
				2F54A39B1FDED11F006DA319 /* HindVadodara-Light.ttf */,
				2F54A39C1FDED11F006DA319 /* HindVadodara-Medium.ttf */,
				2F54A39D1FDED11F006DA319 /* HindVadodara-Regular.ttf */,
				2F54A39E1FDED11F006DA319 /* HindVadodara-SemiBold.ttf */,
				2F54A39F1FDED11F006DA319 /* Ubuntu-Italic.ttf */,
				2F54A3A01FDED11F006DA319 /* Ubuntu-Light.ttf */,
				2F54A3A11FDED11F006DA319 /* Ubuntu-LightItalic.ttf */,
				2F54A3A21FDED11F006DA319 /* Ubuntu-Medium.ttf */,
				2F54A3A31FDED11F006DA319 /* Ubuntu-MediumItalic.ttf */,
				2F54A3A41FDED11F006DA319 /* Ubuntu.ttf */,
			);
			path = Fonts;
			sourceTree = "<group>";
		};
		2F55E88E1FD55C2A00BC52F0 = {
			isa = PBXGroup;
			children = (
				2F55E8991FD55C2A00BC52F0 /* ios */,
				2F55E8AE1FD55C2A00BC52F0 /* iosTests */,
				2F55E8981FD55C2A00BC52F0 /* Products */,
				2F55E8DB1FD57ACC00BC52F0 /* Frameworks */,
			);
			sourceTree = "<group>";
		};
		2F55E8981FD55C2A00BC52F0 /* Products */ = {
			isa = PBXGroup;
			children = (
				2F55E8971FD55C2A00BC52F0 /* ios.app */,
				2F55E8AB1FD55C2A00BC52F0 /* iosTests.xctest */,
			);
			name = Products;
			sourceTree = "<group>";
		};
		2F55E8991FD55C2A00BC52F0 /* ios */ = {
			isa = PBXGroup;
			children = (
				2F55E9071FD5B56D00BC52F0 /* Slices */,
				2F55E89A1FD55C2A00BC52F0 /* AppDelegate.swift */,
				2F55E8F11FD5925F00BC52F0 /* Store.swift */,
				2F55E89C1FD55C2A00BC52F0 /* ViewController.swift */,
				2F55E9051FD5A46E00BC52F0 /* Views.swift */,
				2F55E8F31FD59CBD00BC52F0 /* Routes.swift */,
				2F55E89E1FD55C2A00BC52F0 /* Main.storyboard */,
				2F55E8EF1FD58A7F00BC52F0 /* State.swift */,
				2F55E8A31FD55C2A00BC52F0 /* LaunchScreen.storyboard */,
				2F55E8A61FD55C2A00BC52F0 /* Info.plist */,
				2F55E8A11FD55C2A00BC52F0 /* Assets.xcassets */,
				2F54A3991FDED11F006DA319 /* Fonts */,
			);
			path = ios;
			sourceTree = "<group>";
		};
		2F55E8AE1FD55C2A00BC52F0 /* iosTests */ = {
			isa = PBXGroup;
			children = (
				2F55E8AF1FD55C2A00BC52F0 /* iosTests.swift */,
				2F55E8B11FD55C2A00BC52F0 /* Info.plist */,
			);
			path = iosTests;
			sourceTree = "<group>";
		};
		2F55E8DB1FD57ACC00BC52F0 /* Frameworks */ = {
			isa = PBXGroup;
			children = (
				2F55E8DC1FD57ACC00BC52F0 /* RxSwift.framework */,
			);
			name = Frameworks;
			sourceTree = "<group>";
		};
		2F55E9011FD5A01C00BC52F0 /* Core */ = {
			isa = PBXGroup;
			children = (
				2F55E9021FD5A03B00BC52F0 /* HomeView */,
			);
			path = Core;
			sourceTree = "<group>";
		};
		2F55E9021FD5A03B00BC52F0 /* HomeView */ = {
			isa = PBXGroup;
			children = (
				2F55E9031FD5A0A000BC52F0 /* HomeView.storyboard */,
				2FD095841FDAC15D0023DF02 /* HomeViewController.swift */,
				2FFBEA811FD83A37006D340C /* RaysView.swift */,
			);
			path = HomeView;
			sourceTree = "<group>";
		};
		2F55E9071FD5B56D00BC52F0 /* Slices */ = {
			isa = PBXGroup;
			children = (
				2F55E9011FD5A01C00BC52F0 /* Core */,
			);
			path = Slices;
			sourceTree = "<group>";
		};
/* End PBXGroup section */

/* Begin PBXNativeTarget section */
		2F55E8961FD55C2A00BC52F0 /* ios */ = {
			isa = PBXNativeTarget;
			buildConfigurationList = 2F55E8B41FD55C2A00BC52F0 /* Build configuration list for PBXNativeTarget "ios" */;
			buildPhases = (
				2F55E8931FD55C2A00BC52F0 /* Sources */,
				2F55E8941FD55C2A00BC52F0 /* Frameworks */,
				2F55E8951FD55C2A00BC52F0 /* Resources */,
				2F55E8DE1FD57AFD00BC52F0 /* ShellScript */,
			);
			buildRules = (
			);
			dependencies = (
			);
			name = ios;
			productName = ios;
			productReference = 2F55E8971FD55C2A00BC52F0 /* ios.app */;
			productType = "com.apple.product-type.application";
		};
		2F55E8AA1FD55C2A00BC52F0 /* iosTests */ = {
			isa = PBXNativeTarget;
			buildConfigurationList = 2F55E8B71FD55C2A00BC52F0 /* Build configuration list for PBXNativeTarget "iosTests" */;
			buildPhases = (
				2F55E8A71FD55C2A00BC52F0 /* Sources */,
				2F55E8A81FD55C2A00BC52F0 /* Frameworks */,
				2F55E8A91FD55C2A00BC52F0 /* Resources */,
			);
			buildRules = (
			);
			dependencies = (
				2F55E8AD1FD55C2A00BC52F0 /* PBXTargetDependency */,
			);
			name = iosTests;
			productName = iosTests;
			productReference = 2F55E8AB1FD55C2A00BC52F0 /* iosTests.xctest */;
			productType = "com.apple.product-type.bundle.unit-test";
		};
/* End PBXNativeTarget section */

/* Begin PBXProject section */
		2F55E88F1FD55C2A00BC52F0 /* Project object */ = {
			isa = PBXProject;
			attributes = {
				LastSwiftUpdateCheck = 0910;
				LastUpgradeCheck = 0910;
				ORGANIZATIONNAME = "Just Eat";
				TargetAttributes = {
					2F55E8961FD55C2A00BC52F0 = {
						CreatedOnToolsVersion = 9.1;
						ProvisioningStyle = Automatic;
					};
					2F55E8AA1FD55C2A00BC52F0 = {
						CreatedOnToolsVersion = 9.1;
						ProvisioningStyle = Automatic;
						TestTargetID = 2F55E8961FD55C2A00BC52F0;
					};
				};
			};
			buildConfigurationList = 2F55E8921FD55C2A00BC52F0 /* Build configuration list for PBXProject "ios" */;
			compatibilityVersion = "Xcode 8.0";
			developmentRegion = en;
			hasScannedForEncodings = 0;
			knownRegions = (
				en,
				Base,
			);
			mainGroup = 2F55E88E1FD55C2A00BC52F0;
			productRefGroup = 2F55E8981FD55C2A00BC52F0 /* Products */;
			projectDirPath = "";
			projectRoot = "";
			targets = (
				2F55E8961FD55C2A00BC52F0 /* ios */,
				2F55E8AA1FD55C2A00BC52F0 /* iosTests */,
			);
		};
/* End PBXProject section */

/* Begin PBXResourcesBuildPhase section */
		2F55E8951FD55C2A00BC52F0 /* Resources */ = {
			isa = PBXResourcesBuildPhase;
			buildActionMask = 2147483647;
			files = (
				2F54A3AF1FDED11F006DA319 /* Ubuntu.ttf in Resources */,
				2F54A3AE1FDED11F006DA319 /* Ubuntu-MediumItalic.ttf in Resources */,
				2F54A3A81FDED11F006DA319 /* HindVadodara-Regular.ttf in Resources */,
				2F54A3A61FDED11F006DA319 /* HindVadodara-Light.ttf in Resources */,
				2F54A3A51FDED11F006DA319 /* HindVadodara-Bold.ttf in Resources */,
				2F54A3AA1FDED11F006DA319 /* Ubuntu-Italic.ttf in Resources */,
				2F54A3AC1FDED11F006DA319 /* Ubuntu-LightItalic.ttf in Resources */,
				2F54A3AB1FDED11F006DA319 /* Ubuntu-Light.ttf in Resources */,
				2F54A3A71FDED11F006DA319 /* HindVadodara-Medium.ttf in Resources */,
				2F55E8A51FD55C2A00BC52F0 /* LaunchScreen.storyboard in Resources */,
				2F55E8A21FD55C2A00BC52F0 /* Assets.xcassets in Resources */,
				2F55E9041FD5A0A000BC52F0 /* HomeView.storyboard in Resources */,
				2F54A3A91FDED11F006DA319 /* HindVadodara-SemiBold.ttf in Resources */,
				2F54A3AD1FDED11F006DA319 /* Ubuntu-Medium.ttf in Resources */,
				2F55E8A01FD55C2A00BC52F0 /* Main.storyboard in Resources */,
			);
			runOnlyForDeploymentPostprocessing = 0;
		};
		2F55E8A91FD55C2A00BC52F0 /* Resources */ = {
			isa = PBXResourcesBuildPhase;
			buildActionMask = 2147483647;
			files = (
			);
			runOnlyForDeploymentPostprocessing = 0;
		};
/* End PBXResourcesBuildPhase section */

/* Begin PBXShellScriptBuildPhase section */
		2F55E8DE1FD57AFD00BC52F0 /* ShellScript */ = {
			isa = PBXShellScriptBuildPhase;
			buildActionMask = 2147483647;
			files = (
			);
			inputPaths = (
				"$(SRCROOT)/Carthage/Build/iOS/RxSwift.framework",
			);
			outputPaths = (
			);
			runOnlyForDeploymentPostprocessing = 0;
			shellPath = /bin/sh;
			shellScript = "/usr/local/bin/carthage copy-frameworks";
		};
/* End PBXShellScriptBuildPhase section */

/* Begin PBXSourcesBuildPhase section */
		2F55E8931FD55C2A00BC52F0 /* Sources */ = {
			isa = PBXSourcesBuildPhase;
			buildActionMask = 2147483647;
			files = (
				2F55E89D1FD55C2A00BC52F0 /* ViewController.swift in Sources */,
				2F55E89B1FD55C2A00BC52F0 /* AppDelegate.swift in Sources */,
				2F55E9061FD5A46E00BC52F0 /* Views.swift in Sources */,
				2FD095851FDAC15D0023DF02 /* HomeViewController.swift in Sources */,
				2FFBEA821FD83A37006D340C /* RaysView.swift in Sources */,
				2F55E8F01FD58A7F00BC52F0 /* State.swift in Sources */,
				2F55E8F41FD59CBD00BC52F0 /* Routes.swift in Sources */,
				2F55E8F21FD5925F00BC52F0 /* Store.swift in Sources */,
			);
			runOnlyForDeploymentPostprocessing = 0;
		};
		2F55E8A71FD55C2A00BC52F0 /* Sources */ = {
			isa = PBXSourcesBuildPhase;
			buildActionMask = 2147483647;
			files = (
				2F55E8B01FD55C2A00BC52F0 /* iosTests.swift in Sources */,
			);
			runOnlyForDeploymentPostprocessing = 0;
		};
/* End PBXSourcesBuildPhase section */

/* Begin PBXTargetDependency section */
		2F55E8AD1FD55C2A00BC52F0 /* PBXTargetDependency */ = {
			isa = PBXTargetDependency;
			target = 2F55E8961FD55C2A00BC52F0 /* ios */;
			targetProxy = 2F55E8AC1FD55C2A00BC52F0 /* PBXContainerItemProxy */;
		};
/* End PBXTargetDependency section */

/* Begin PBXVariantGroup section */
		2F55E89E1FD55C2A00BC52F0 /* Main.storyboard */ = {
			isa = PBXVariantGroup;
			children = (
				2F55E89F1FD55C2A00BC52F0 /* Base */,
			);
			name = Main.storyboard;
			sourceTree = "<group>";
		};
		2F55E8A31FD55C2A00BC52F0 /* LaunchScreen.storyboard */ = {
			isa = PBXVariantGroup;
			children = (
				2F55E8A41FD55C2A00BC52F0 /* Base */,
			);
			name = LaunchScreen.storyboard;
			sourceTree = "<group>";
		};
/* End PBXVariantGroup section */

/* Begin XCBuildConfiguration section */
		2F55E8B21FD55C2A00BC52F0 /* Debug */ = {
			isa = XCBuildConfiguration;
			buildSettings = {
				ALWAYS_SEARCH_USER_PATHS = NO;
				CLANG_ANALYZER_NONNULL = YES;
				CLANG_ANALYZER_NUMBER_OBJECT_CONVERSION = YES_AGGRESSIVE;
				CLANG_CXX_LANGUAGE_STANDARD = "gnu++14";
				CLANG_CXX_LIBRARY = "libc++";
				CLANG_ENABLE_MODULES = YES;
				CLANG_ENABLE_OBJC_ARC = YES;
				CLANG_WARN_BLOCK_CAPTURE_AUTORELEASING = YES;
				CLANG_WARN_BOOL_CONVERSION = YES;
				CLANG_WARN_COMMA = YES;
				CLANG_WARN_CONSTANT_CONVERSION = YES;
				CLANG_WARN_DIRECT_OBJC_ISA_USAGE = YES_ERROR;
				CLANG_WARN_DOCUMENTATION_COMMENTS = YES;
				CLANG_WARN_EMPTY_BODY = YES;
				CLANG_WARN_ENUM_CONVERSION = YES;
				CLANG_WARN_INFINITE_RECURSION = YES;
				CLANG_WARN_INT_CONVERSION = YES;
				CLANG_WARN_NON_LITERAL_NULL_CONVERSION = YES;
				CLANG_WARN_OBJC_LITERAL_CONVERSION = YES;
				CLANG_WARN_OBJC_ROOT_CLASS = YES_ERROR;
				CLANG_WARN_RANGE_LOOP_ANALYSIS = YES;
				CLANG_WARN_STRICT_PROTOTYPES = YES;
				CLANG_WARN_SUSPICIOUS_MOVE = YES;
				CLANG_WARN_UNGUARDED_AVAILABILITY = YES_AGGRESSIVE;
				CLANG_WARN_UNREACHABLE_CODE = YES;
				CLANG_WARN__DUPLICATE_METHOD_MATCH = YES;
				CODE_SIGN_IDENTITY = "iPhone Developer";
				COPY_PHASE_STRIP = NO;
				DEBUG_INFORMATION_FORMAT = dwarf;
				ENABLE_STRICT_OBJC_MSGSEND = YES;
				ENABLE_TESTABILITY = YES;
				GCC_C_LANGUAGE_STANDARD = gnu11;
				GCC_DYNAMIC_NO_PIC = NO;
				GCC_NO_COMMON_BLOCKS = YES;
				GCC_OPTIMIZATION_LEVEL = 0;
				GCC_PREPROCESSOR_DEFINITIONS = (
					"DEBUG=1",
					"$(inherited)",
				);
				GCC_WARN_64_TO_32_BIT_CONVERSION = YES;
				GCC_WARN_ABOUT_RETURN_TYPE = YES_ERROR;
				GCC_WARN_UNDECLARED_SELECTOR = YES;
				GCC_WARN_UNINITIALIZED_AUTOS = YES_AGGRESSIVE;
				GCC_WARN_UNUSED_FUNCTION = YES;
				GCC_WARN_UNUSED_VARIABLE = YES;
				IPHONEOS_DEPLOYMENT_TARGET = 11.1;
				MTL_ENABLE_DEBUG_INFO = YES;
				ONLY_ACTIVE_ARCH = YES;
				SDKROOT = iphoneos;
				SWIFT_ACTIVE_COMPILATION_CONDITIONS = DEBUG;
				SWIFT_OPTIMIZATION_LEVEL = "-Onone";
			};
			name = Debug;
		};
		2F55E8B31FD55C2A00BC52F0 /* Release */ = {
			isa = XCBuildConfiguration;
			buildSettings = {
				ALWAYS_SEARCH_USER_PATHS = NO;
				CLANG_ANALYZER_NONNULL = YES;
				CLANG_ANALYZER_NUMBER_OBJECT_CONVERSION = YES_AGGRESSIVE;
				CLANG_CXX_LANGUAGE_STANDARD = "gnu++14";
				CLANG_CXX_LIBRARY = "libc++";
				CLANG_ENABLE_MODULES = YES;
				CLANG_ENABLE_OBJC_ARC = YES;
				CLANG_WARN_BLOCK_CAPTURE_AUTORELEASING = YES;
				CLANG_WARN_BOOL_CONVERSION = YES;
				CLANG_WARN_COMMA = YES;
				CLANG_WARN_CONSTANT_CONVERSION = YES;
				CLANG_WARN_DIRECT_OBJC_ISA_USAGE = YES_ERROR;
				CLANG_WARN_DOCUMENTATION_COMMENTS = YES;
				CLANG_WARN_EMPTY_BODY = YES;
				CLANG_WARN_ENUM_CONVERSION = YES;
				CLANG_WARN_INFINITE_RECURSION = YES;
				CLANG_WARN_INT_CONVERSION = YES;
				CLANG_WARN_NON_LITERAL_NULL_CONVERSION = YES;
				CLANG_WARN_OBJC_LITERAL_CONVERSION = YES;
				CLANG_WARN_OBJC_ROOT_CLASS = YES_ERROR;
				CLANG_WARN_RANGE_LOOP_ANALYSIS = YES;
				CLANG_WARN_STRICT_PROTOTYPES = YES;
				CLANG_WARN_SUSPICIOUS_MOVE = YES;
				CLANG_WARN_UNGUARDED_AVAILABILITY = YES_AGGRESSIVE;
				CLANG_WARN_UNREACHABLE_CODE = YES;
				CLANG_WARN__DUPLICATE_METHOD_MATCH = YES;
				CODE_SIGN_IDENTITY = "iPhone Developer";
				COPY_PHASE_STRIP = NO;
				DEBUG_INFORMATION_FORMAT = "dwarf-with-dsym";
				ENABLE_NS_ASSERTIONS = NO;
				ENABLE_STRICT_OBJC_MSGSEND = YES;
				GCC_C_LANGUAGE_STANDARD = gnu11;
				GCC_NO_COMMON_BLOCKS = YES;
				GCC_WARN_64_TO_32_BIT_CONVERSION = YES;
				GCC_WARN_ABOUT_RETURN_TYPE = YES_ERROR;
				GCC_WARN_UNDECLARED_SELECTOR = YES;
				GCC_WARN_UNINITIALIZED_AUTOS = YES_AGGRESSIVE;
				GCC_WARN_UNUSED_FUNCTION = YES;
				GCC_WARN_UNUSED_VARIABLE = YES;
				IPHONEOS_DEPLOYMENT_TARGET = 11.1;
				MTL_ENABLE_DEBUG_INFO = NO;
				SDKROOT = iphoneos;
				SWIFT_OPTIMIZATION_LEVEL = "-Owholemodule";
				VALIDATE_PRODUCT = YES;
			};
			name = Release;
		};
		2F55E8B51FD55C2A00BC52F0 /* Debug */ = {
			isa = XCBuildConfiguration;
			buildSettings = {
				ASSETCATALOG_COMPILER_APPICON_NAME = AppIcon;
				CODE_SIGN_STYLE = Automatic;
				DEVELOPMENT_TEAM = FA87YP34E2;
				FRAMEWORK_SEARCH_PATHS = (
					"$(inherited)",
					"$(PROJECT_DIR)/Carthage/Build/iOS",
				);
				INFOPLIST_FILE = ios/Info.plist;
				LD_RUNPATH_SEARCH_PATHS = "$(inherited) @executable_path/Frameworks";
				PRODUCT_BUNDLE_IDENTIFIER = "com.appspot.jepd-future.ios2";
				PRODUCT_NAME = "$(TARGET_NAME)";
				SWIFT_VERSION = 4.0;
				TARGETED_DEVICE_FAMILY = "1,2";
			};
			name = Debug;
		};
		2F55E8B61FD55C2A00BC52F0 /* Release */ = {
			isa = XCBuildConfiguration;
			buildSettings = {
				ASSETCATALOG_COMPILER_APPICON_NAME = AppIcon;
				CODE_SIGN_STYLE = Automatic;
				DEVELOPMENT_TEAM = FA87YP34E2;
				FRAMEWORK_SEARCH_PATHS = (
					"$(inherited)",
					"$(PROJECT_DIR)/Carthage/Build/iOS",
				);
				INFOPLIST_FILE = ios/Info.plist;
				LD_RUNPATH_SEARCH_PATHS = "$(inherited) @executable_path/Frameworks";
				PRODUCT_BUNDLE_IDENTIFIER = "com.appspot.jepd-future.ios2";
				PRODUCT_NAME = "$(TARGET_NAME)";
				SWIFT_VERSION = 4.0;
				TARGETED_DEVICE_FAMILY = "1,2";
			};
			name = Release;
		};
		2F55E8B81FD55C2A00BC52F0 /* Debug */ = {
			isa = XCBuildConfiguration;
			buildSettings = {
				ALWAYS_EMBED_SWIFT_STANDARD_LIBRARIES = YES;
				BUNDLE_LOADER = "$(TEST_HOST)";
				CODE_SIGN_STYLE = Automatic;
				DEVELOPMENT_TEAM = FA87YP34E2;
				INFOPLIST_FILE = iosTests/Info.plist;
				LD_RUNPATH_SEARCH_PATHS = "$(inherited) @executable_path/Frameworks @loader_path/Frameworks";
				PRODUCT_BUNDLE_IDENTIFIER = "com.appspot.jepd-future.iosTests";
				PRODUCT_NAME = "$(TARGET_NAME)";
				SWIFT_VERSION = 4.0;
				TARGETED_DEVICE_FAMILY = "1,2";
				TEST_HOST = "$(BUILT_PRODUCTS_DIR)/ios.app/ios";
			};
			name = Debug;
		};
		2F55E8B91FD55C2A00BC52F0 /* Release */ = {
			isa = XCBuildConfiguration;
			buildSettings = {
				ALWAYS_EMBED_SWIFT_STANDARD_LIBRARIES = YES;
				BUNDLE_LOADER = "$(TEST_HOST)";
				CODE_SIGN_STYLE = Automatic;
				DEVELOPMENT_TEAM = FA87YP34E2;
				INFOPLIST_FILE = iosTests/Info.plist;
				LD_RUNPATH_SEARCH_PATHS = "$(inherited) @executable_path/Frameworks @loader_path/Frameworks";
				PRODUCT_BUNDLE_IDENTIFIER = "com.appspot.jepd-future.iosTests";
				PRODUCT_NAME = "$(TARGET_NAME)";
				SWIFT_VERSION = 4.0;
				TARGETED_DEVICE_FAMILY = "1,2";
				TEST_HOST = "$(BUILT_PRODUCTS_DIR)/ios.app/ios";
			};
			name = Release;
		};
/* End XCBuildConfiguration section */

/* Begin XCConfigurationList section */
		2F55E8921FD55C2A00BC52F0 /* Build configuration list for PBXProject "ios" */ = {
			isa = XCConfigurationList;
			buildConfigurations = (
				2F55E8B21FD55C2A00BC52F0 /* Debug */,
				2F55E8B31FD55C2A00BC52F0 /* Release */,
			);
			defaultConfigurationIsVisible = 0;
			defaultConfigurationName = Release;
		};
		2F55E8B41FD55C2A00BC52F0 /* Build configuration list for PBXNativeTarget "ios" */ = {
			isa = XCConfigurationList;
			buildConfigurations = (
				2F55E8B51FD55C2A00BC52F0 /* Debug */,
				2F55E8B61FD55C2A00BC52F0 /* Release */,
			);
			defaultConfigurationIsVisible = 0;
			defaultConfigurationName = Release;
		};
		2F55E8B71FD55C2A00BC52F0 /* Build configuration list for PBXNativeTarget "iosTests" */ = {
			isa = XCConfigurationList;
			buildConfigurations = (
				2F55E8B81FD55C2A00BC52F0 /* Debug */,
				2F55E8B91FD55C2A00BC52F0 /* Release */,
			);
			defaultConfigurationIsVisible = 0;
			defaultConfigurationName = Release;
		};
/* End XCConfigurationList section */
	};
	rootObject = 2F55E88F1FD55C2A00BC52F0 /* Project object */;
}
